PODS:
  - Kingfisher (5.12.0):
    - Kingfisher/Core (= 5.12.0)
  - Kingfisher/Core (5.12.0)
  - SwiftyBeaver (1.8.4)

DEPENDENCIES:
  - Kingfisher
  - SwiftyBeaver

SPEC REPOS:
  trunk:
    - Kingfisher
    - SwiftyBeaver

SPEC CHECKSUMS:
  Kingfisher: dc6e0f53bb5b12c3e75bedb0e01bbd7a640eea69
  SwiftyBeaver: f9a9aba96a6a6166e21682377804d728b0d20b95

PODFILE CHECKSUM: d8929bb8dc0fc2b427259fa040b5e31aa935079a

COCOAPODS: 1.8.4
