// !$*UTF8*$!
{
	archiveVersion = 1;
	classes = {
	};
	objectVersion = 51;
	objects = {

/* Begin PBXBuildFile section */
		17127AFC0AB73A239BAA2B36 /* Pods_MoviePlayer.framework in Frameworks */ = {isa = PBXBuildFile; fileRef = C117D3647788C16C2ECB745F /* Pods_MoviePlayer.framework */; };
		E134416A242F75E200C98EE2 /* FullScreenPlayerViewController.swift in Sources */ = {isa = PBXBuildFile; fileRef = E1344168242F75E200C98EE2 /* FullScreenPlayerViewController.swift */; };
		E134416B242F75E200C98EE2 /* FullScreenPlayerViewController.xib in Resources */ = {isa = PBXBuildFile; fileRef = E1344169242F75E200C98EE2 /* FullScreenPlayerViewController.xib */; };
		E134416D242F7A7100C98EE2 /* Ultilities.swift in Sources */ = {isa = PBXBuildFile; fileRef = E134416C242F7A7100C98EE2 /* Ultilities.swift */; };
		E1344170242F7C7700C98EE2 /* FullScreenPlayerView.swift in Sources */ = {isa = PBXBuildFile; fileRef = E134416F242F7C7700C98EE2 /* FullScreenPlayerView.swift */; };
		E1344172242F7C8000C98EE2 /* FullScreenPlayerView.xib in Resources */ = {isa = PBXBuildFile; fileRef = E1344171242F7C8000C98EE2 /* FullScreenPlayerView.xib */; };
		E16BAD1D242E6AC400AA0DE1 /* AVFoundation.framework in Frameworks */ = {isa = PBXBuildFile; fileRef = E16BAD19242E6A8C00AA0DE1 /* AVFoundation.framework */; };
		E16BAD1E242E6AC400AA0DE1 /* AVKit.framework in Frameworks */ = {isa = PBXBuildFile; fileRef = E16BAD1A242E6A8C00AA0DE1 /* AVKit.framework */; };
		E1A77578242DC7FD0068D840 /* PlayerControlView.swift in Sources */ = {isa = PBXBuildFile; fileRef = E1A77577242DC7FD0068D840 /* PlayerControlView.swift */; };
		E1A7757A242DC8070068D840 /* PlayerControlView.xib in Resources */ = {isa = PBXBuildFile; fileRef = E1A77579242DC8070068D840 /* PlayerControlView.xib */; };
		E1A7757D242DDD2C0068D840 /* VideoPlayerView.swift in Sources */ = {isa = PBXBuildFile; fileRef = E1A7757C242DDD2C0068D840 /* VideoPlayerView.swift */; };
		E1A7757F242DDD360068D840 /* VideoPlayerView.xib in Resources */ = {isa = PBXBuildFile; fileRef = E1A7757E242DDD360068D840 /* VideoPlayerView.xib */; };
		E1A77582242DE1550068D840 /* BaseViewController.swift in Sources */ = {isa = PBXBuildFile; fileRef = E1A77581242DE1550068D840 /* BaseViewController.swift */; };
		E1A77586242E05A80068D840 /* VideoListViewController.swift in Sources */ = {isa = PBXBuildFile; fileRef = E1A77584242E05A80068D840 /* VideoListViewController.swift */; };
		E1A77587242E05A80068D840 /* VideoListViewController.xib in Resources */ = {isa = PBXBuildFile; fileRef = E1A77585242E05A80068D840 /* VideoListViewController.xib */; };
		E1A7758A242E085F0068D840 /* videos.json in Resources */ = {isa = PBXBuildFile; fileRef = E1A77589242E085F0068D840 /* videos.json */; };
		E1A77590242E0A3F0068D840 /* VideoListTableViewCell.swift in Sources */ = {isa = PBXBuildFile; fileRef = E1A7758E242E0A3F0068D840 /* VideoListTableViewCell.swift */; };
		E1A77591242E0A3F0068D840 /* VideoListTableViewCell.xib in Resources */ = {isa = PBXBuildFile; fileRef = E1A7758F242E0A3F0068D840 /* VideoListTableViewCell.xib */; };
		E1A77593242E0B8A0068D840 /* Video.swift in Sources */ = {isa = PBXBuildFile; fileRef = E1A77592242E0B8A0068D840 /* Video.swift */; };
		E1A77595242E10710068D840 /* CustomError.swift in Sources */ = {isa = PBXBuildFile; fileRef = E1A77594242E10710068D840 /* CustomError.swift */; };
		E1A775DF242E3A780068D840 /* SF-Pro-Display-Thin.otf in Resources */ = {isa = PBXBuildFile; fileRef = E1A7759D242E3A780068D840 /* SF-Pro-Display-Thin.otf */; };
		E1A775E0242E3A780068D840 /* SF-Pro-Display-SemiboldItalic.otf in Resources */ = {isa = PBXBuildFile; fileRef = E1A7759E242E3A780068D840 /* SF-Pro-Display-SemiboldItalic.otf */; };
		E1A775E1242E3A780068D840 /* SF-Pro-Text-Heavy.otf in Resources */ = {isa = PBXBuildFile; fileRef = E1A7759F242E3A780068D840 /* SF-Pro-Text-Heavy.otf */; };
		E1A775E2242E3A780068D840 /* SF-Pro-Display-RegularItalic.otf in Resources */ = {isa = PBXBuildFile; fileRef = E1A775A0242E3A780068D840 /* SF-Pro-Display-RegularItalic.otf */; };
		E1A775E3242E3A780068D840 /* SF-Pro-Display-Light.otf in Resources */ = {isa = PBXBuildFile; fileRef = E1A775A1242E3A780068D840 /* SF-Pro-Display-Light.otf */; };
		E1A775E4242E3A780068D840 /* SF-Pro-Display-Regular.otf in Resources */ = {isa = PBXBuildFile; fileRef = E1A775A2242E3A780068D840 /* SF-Pro-Display-Regular.otf */; };
		E1A775E5242E3A780068D840 /* SF-Pro-Text-MediumItalic.otf in Resources */ = {isa = PBXBuildFile; fileRef = E1A775A3242E3A780068D840 /* SF-Pro-Text-MediumItalic.otf */; };
		E1A775E6242E3A780068D840 /* SF-Pro-Display-Bold.otf in Resources */ = {isa = PBXBuildFile; fileRef = E1A775A4242E3A780068D840 /* SF-Pro-Display-Bold.otf */; };
		E1A775E7242E3A780068D840 /* SF-Pro-Display-Medium.otf in Resources */ = {isa = PBXBuildFile; fileRef = E1A775A5242E3A780068D840 /* SF-Pro-Display-Medium.otf */; };
		E1A775E8242E3A780068D840 /* SF-Pro-Display-Heavy.otf in Resources */ = {isa = PBXBuildFile; fileRef = E1A775A6242E3A780068D840 /* SF-Pro-Display-Heavy.otf */; };
		E1A775E9242E3A780068D840 /* SF-Pro-Text-Light.otf in Resources */ = {isa = PBXBuildFile; fileRef = E1A775A7242E3A780068D840 /* SF-Pro-Text-Light.otf */; };
		E1A775EA242E3A780068D840 /* SF-Pro-Display-Semibold.otf in Resources */ = {isa = PBXBuildFile; fileRef = E1A775A8242E3A780068D840 /* SF-Pro-Display-Semibold.otf */; };
		E1A775EB242E3A780068D840 /* SF-Pro-Text-Regular.otf in Resources */ = {isa = PBXBuildFile; fileRef = E1A775A9242E3A780068D840 /* SF-Pro-Text-Regular.otf */; };
		E1A775EC242E3A780068D840 /* SF-Pro-Text-Bold.otf in Resources */ = {isa = PBXBuildFile; fileRef = E1A775AA242E3A780068D840 /* SF-Pro-Text-Bold.otf */; };
		E1A775ED242E3A780068D840 /* SF-Pro-Display-MediumItalic.otf in Resources */ = {isa = PBXBuildFile; fileRef = E1A775AB242E3A780068D840 /* SF-Pro-Display-MediumItalic.otf */; };
		E1A775EE242E3A780068D840 /* SF-Pro-Display-HeavyItalic.otf in Resources */ = {isa = PBXBuildFile; fileRef = E1A775AC242E3A780068D840 /* SF-Pro-Display-HeavyItalic.otf */; };
		E1A775EF242E3A780068D840 /* SF-Pro-Display-Ultralight.otf in Resources */ = {isa = PBXBuildFile; fileRef = E1A775AD242E3A780068D840 /* SF-Pro-Display-Ultralight.otf */; };
		E1A775F0242E3A780068D840 /* SF-Pro-Display-UltralightItalic.otf in Resources */ = {isa = PBXBuildFile; fileRef = E1A775AE242E3A780068D840 /* SF-Pro-Display-UltralightItalic.otf */; };
		E1A775F1242E3A780068D840 /* SF-Pro-Display-LightItalic.otf in Resources */ = {isa = PBXBuildFile; fileRef = E1A775AF242E3A780068D840 /* SF-Pro-Display-LightItalic.otf */; };
		E1A775F2242E3A780068D840 /* SF-Pro-Display-BlackItalic.otf in Resources */ = {isa = PBXBuildFile; fileRef = E1A775B0242E3A780068D840 /* SF-Pro-Display-BlackItalic.otf */; };
		E1A775F3242E3A780068D840 /* SF-Pro-Display-Black.otf in Resources */ = {isa = PBXBuildFile; fileRef = E1A775B1242E3A780068D840 /* SF-Pro-Display-Black.otf */; };
		E1A775F4242E3A780068D840 /* SF-Pro-Text-BoldItalic.otf in Resources */ = {isa = PBXBuildFile; fileRef = E1A775B2242E3A780068D840 /* SF-Pro-Text-BoldItalic.otf */; };
		E1A775F5242E3A780068D840 /* SF-Pro-Text-RegularItalic.otf in Resources */ = {isa = PBXBuildFile; fileRef = E1A775B3242E3A780068D840 /* SF-Pro-Text-RegularItalic.otf */; };
		E1A775F6242E3A780068D840 /* SF-Pro-Text-Semibold.otf in Resources */ = {isa = PBXBuildFile; fileRef = E1A775B4242E3A780068D840 /* SF-Pro-Text-Semibold.otf */; };
		E1A775F7242E3A780068D840 /* SF-Pro-Text-HeavyItalic.otf in Resources */ = {isa = PBXBuildFile; fileRef = E1A775B5242E3A780068D840 /* SF-Pro-Text-HeavyItalic.otf */; };
		E1A775F8242E3A780068D840 /* SF-Pro-Display-ThinItalic.otf in Resources */ = {isa = PBXBuildFile; fileRef = E1A775B6242E3A780068D840 /* SF-Pro-Display-ThinItalic.otf */; };
		E1A775F9242E3A780068D840 /* SF-Pro-Text-LightItalic.otf in Resources */ = {isa = PBXBuildFile; fileRef = E1A775B7242E3A780068D840 /* SF-Pro-Text-LightItalic.otf */; };
		E1A775FA242E3A780068D840 /* SF-Pro-Text-Medium.otf in Resources */ = {isa = PBXBuildFile; fileRef = E1A775B8242E3A780068D840 /* SF-Pro-Text-Medium.otf */; };
		E1A775FB242E3A780068D840 /* SF-Pro-Display-BoldItalic.otf in Resources */ = {isa = PBXBuildFile; fileRef = E1A775B9242E3A780068D840 /* SF-Pro-Display-BoldItalic.otf */; };
		E1A775FC242E3A780068D840 /* SF-Pro-Text-SemiboldItalic.otf in Resources */ = {isa = PBXBuildFile; fileRef = E1A775BA242E3A780068D840 /* SF-Pro-Text-SemiboldItalic.otf */; };
		E1A775FD242E3A780068D840 /* SFProText-Medium.ttf in Resources */ = {isa = PBXBuildFile; fileRef = E1A775BC242E3A780068D840 /* SFProText-Medium.ttf */; };
		E1A775FE242E3A780068D840 /* SFProText-Heavy.ttf in Resources */ = {isa = PBXBuildFile; fileRef = E1A775BD242E3A780068D840 /* SFProText-Heavy.ttf */; };
		E1A775FF242E3A780068D840 /* SFProDisplay-Ultralight-1.ttf in Resources */ = {isa = PBXBuildFile; fileRef = E1A775BE242E3A780068D840 /* SFProDisplay-Ultralight-1.ttf */; };
		E1A77600242E3A780068D840 /* SFProDisplay-UltraLight.ttf in Resources */ = {isa = PBXBuildFile; fileRef = E1A775BF242E3A780068D840 /* SFProDisplay-UltraLight.ttf */; };
		E1A77601242E3A780068D840 /* SFProDisplay-RegularItalic.ttf in Resources */ = {isa = PBXBuildFile; fileRef = E1A775C0242E3A780068D840 /* SFProDisplay-RegularItalic.ttf */; };
		E1A77602242E3A780068D840 /* SFProDisplay-SemiboldItalic.ttf in Resources */ = {isa = PBXBuildFile; fileRef = E1A775C1242E3A780068D840 /* SFProDisplay-SemiboldItalic.ttf */; };
		E1A77603242E3A780068D840 /* SFProText-RegularItalic.ttf in Resources */ = {isa = PBXBuildFile; fileRef = E1A775C2242E3A780068D840 /* SFProText-RegularItalic.ttf */; };
		E1A77604242E3A780068D840 /* SFProText-SemiBold.ttf in Resources */ = {isa = PBXBuildFile; fileRef = E1A775C3242E3A780068D840 /* SFProText-SemiBold.ttf */; };
		E1A77605242E3A780068D840 /* SFProText-Regular.ttf in Resources */ = {isa = PBXBuildFile; fileRef = E1A775C4242E3A780068D840 /* SFProText-Regular.ttf */; };
		E1A77606242E3A780068D840 /* SFProDisplay-BoldItalic.ttf in Resources */ = {isa = PBXBuildFile; fileRef = E1A775C5242E3A780068D840 /* SFProDisplay-BoldItalic.ttf */; };
		E1A77607242E3A780068D840 /* SFProDisplay-Medium.ttf in Resources */ = {isa = PBXBuildFile; fileRef = E1A775C6242E3A780068D840 /* SFProDisplay-Medium.ttf */; };
		E1A77608242E3A780068D840 /* SFProDisplay-Black.ttf in Resources */ = {isa = PBXBuildFile; fileRef = E1A775C7242E3A780068D840 /* SFProDisplay-Black.ttf */; };
		E1A77609242E3A780068D840 /* SFProText-BoldItalic.ttf in Resources */ = {isa = PBXBuildFile; fileRef = E1A775C8242E3A780068D840 /* SFProText-BoldItalic.ttf */; };
		E1A7760A242E3A780068D840 /* SFProText-MediumItalic.ttf in Resources */ = {isa = PBXBuildFile; fileRef = E1A775C9242E3A780068D840 /* SFProText-MediumItalic.ttf */; };
		E1A7760B242E3A780068D840 /* SFProText-LightItalic.ttf in Resources */ = {isa = PBXBuildFile; fileRef = E1A775CA242E3A780068D840 /* SFProText-LightItalic.ttf */; };
		E1A7760C242E3A780068D840 /* SFProText-Light.ttf in Resources */ = {isa = PBXBuildFile; fileRef = E1A775CB242E3A780068D840 /* SFProText-Light.ttf */; };
		E1A7760D242E3A780068D840 /* SFProDisplay-ThinItalic.ttf in Resources */ = {isa = PBXBuildFile; fileRef = E1A775CC242E3A780068D840 /* SFProDisplay-ThinItalic.ttf */; };
		E1A7760E242E3A780068D840 /* SFProText-HeavyItalic.ttf in Resources */ = {isa = PBXBuildFile; fileRef = E1A775CD242E3A780068D840 /* SFProText-HeavyItalic.ttf */; };
		E1A7760F242E3A780068D840 /* SFProDisplay-Light.ttf in Resources */ = {isa = PBXBuildFile; fileRef = E1A775CE242E3A780068D840 /* SFProDisplay-Light.ttf */; };
		E1A77610242E3A780068D840 /* SFProDisplay-Regular.ttf in Resources */ = {isa = PBXBuildFile; fileRef = E1A775CF242E3A780068D840 /* SFProDisplay-Regular.ttf */; };
		E1A77611242E3A780068D840 /* SFProDisplay-BlackItalic.ttf in Resources */ = {isa = PBXBuildFile; fileRef = E1A775D0242E3A780068D840 /* SFProDisplay-BlackItalic.ttf */; };
		E1A77612242E3A780068D840 /* SFProText-Semibold-1.ttf in Resources */ = {isa = PBXBuildFile; fileRef = E1A775D1242E3A780068D840 /* SFProText-Semibold-1.ttf */; };
		E1A77613242E3A780068D840 /* SFProDisplay-Semibold-1.ttf in Resources */ = {isa = PBXBuildFile; fileRef = E1A775D2242E3A780068D840 /* SFProDisplay-Semibold-1.ttf */; };
		E1A77614242E3A780068D840 /* SFProText-SemiBoldItalic.ttf in Resources */ = {isa = PBXBuildFile; fileRef = E1A775D3242E3A780068D840 /* SFProText-SemiBoldItalic.ttf */; };
		E1A77615242E3A780068D840 /* SFProDisplay-MediumItalic.ttf in Resources */ = {isa = PBXBuildFile; fileRef = E1A775D4242E3A780068D840 /* SFProDisplay-MediumItalic.ttf */; };
		E1A77616242E3A780068D840 /* SFProDisplay-Bold.ttf in Resources */ = {isa = PBXBuildFile; fileRef = E1A775D5242E3A780068D840 /* SFProDisplay-Bold.ttf */; };
		E1A77617242E3A780068D840 /* SFProText-SemiboldItalic-1.ttf in Resources */ = {isa = PBXBuildFile; fileRef = E1A775D6242E3A780068D840 /* SFProText-SemiboldItalic-1.ttf */; };
		E1A77618242E3A780068D840 /* SFProText-Bold.ttf in Resources */ = {isa = PBXBuildFile; fileRef = E1A775D7242E3A780068D840 /* SFProText-Bold.ttf */; };
		E1A77619242E3A780068D840 /* SFProDisplay-HeavyItalic.ttf in Resources */ = {isa = PBXBuildFile; fileRef = E1A775D8242E3A780068D840 /* SFProDisplay-HeavyItalic.ttf */; };
		E1A7761A242E3A780068D840 /* SFProDisplay-SemiBold.ttf in Resources */ = {isa = PBXBuildFile; fileRef = E1A775D9242E3A780068D840 /* SFProDisplay-SemiBold.ttf */; };
		E1A7761B242E3A780068D840 /* SFProDisplay-Heavy.ttf in Resources */ = {isa = PBXBuildFile; fileRef = E1A775DA242E3A780068D840 /* SFProDisplay-Heavy.ttf */; };
		E1A7761C242E3A780068D840 /* SFProDisplay-LightItalic.ttf in Resources */ = {isa = PBXBuildFile; fileRef = E1A775DB242E3A780068D840 /* SFProDisplay-LightItalic.ttf */; };
		E1A7761D242E3A780068D840 /* SFProDisplay-UltralightItalic.ttf in Resources */ = {isa = PBXBuildFile; fileRef = E1A775DC242E3A780068D840 /* SFProDisplay-UltralightItalic.ttf */; };
		E1A7761E242E3A780068D840 /* SFProDisplay-Thin.ttf in Resources */ = {isa = PBXBuildFile; fileRef = E1A775DD242E3A780068D840 /* SFProDisplay-Thin.ttf */; };
		E1A7761F242E3A780068D840 /* SFPro_Font_License.rtf in Resources */ = {isa = PBXBuildFile; fileRef = E1A775DE242E3A780068D840 /* SFPro_Font_License.rtf */; };
		E1AC02F1242D1DFA006EF3F5 /* AppDelegate.swift in Sources */ = {isa = PBXBuildFile; fileRef = E1AC02F0242D1DFA006EF3F5 /* AppDelegate.swift */; };
		E1AC02FA242D1DFD006EF3F5 /* Assets.xcassets in Resources */ = {isa = PBXBuildFile; fileRef = E1AC02F9242D1DFD006EF3F5 /* Assets.xcassets */; };
		E1AC02FD242D1DFD006EF3F5 /* LaunchScreen.storyboard in Resources */ = {isa = PBXBuildFile; fileRef = E1AC02FB242D1DFD006EF3F5 /* LaunchScreen.storyboard */; };
		E1AC032A242D1EE6006EF3F5 /* IB_UITextField.swift in Sources */ = {isa = PBXBuildFile; fileRef = E1AC0309242D1EE6006EF3F5 /* IB_UITextField.swift */; };
		E1AC032B242D1EE6006EF3F5 /* IB_UIButton.swift in Sources */ = {isa = PBXBuildFile; fileRef = E1AC030A242D1EE6006EF3F5 /* IB_UIButton.swift */; };
		E1AC032C242D1EE6006EF3F5 /* IB_UIView.swift in Sources */ = {isa = PBXBuildFile; fileRef = E1AC030B242D1EE6006EF3F5 /* IB_UIView.swift */; };
		E1AC032D242D1EE6006EF3F5 /* ExtensionString.swift in Sources */ = {isa = PBXBuildFile; fileRef = E1AC030D242D1EE6006EF3F5 /* ExtensionString.swift */; };
		E1AC032E242D1EE6006EF3F5 /* EUIImage.swift in Sources */ = {isa = PBXBuildFile; fileRef = E1AC030F242D1EE6006EF3F5 /* EUIImage.swift */; };
		E1AC032F242D1EE6006EF3F5 /* EX_UIPanGesture.swift in Sources */ = {isa = PBXBuildFile; fileRef = E1AC0311242D1EE6006EF3F5 /* EX_UIPanGesture.swift */; };
		E1AC0330242D1EE6006EF3F5 /* EX_URL.swift in Sources */ = {isa = PBXBuildFile; fileRef = E1AC0312242D1EE6006EF3F5 /* EX_URL.swift */; };
		E1AC0331242D1EE6006EF3F5 /* EX_FloatingPoint.swift in Sources */ = {isa = PBXBuildFile; fileRef = E1AC0313242D1EE6006EF3F5 /* EX_FloatingPoint.swift */; };
		E1AC0332242D1EE6006EF3F5 /* EX_UserDeafults.swift in Sources */ = {isa = PBXBuildFile; fileRef = E1AC0314242D1EE6006EF3F5 /* EX_UserDeafults.swift */; };
		E1AC0333242D1EE6006EF3F5 /* EX_Array.swift in Sources */ = {isa = PBXBuildFile; fileRef = E1AC0315242D1EE6006EF3F5 /* EX_Array.swift */; };
		E1AC0334242D1EE6006EF3F5 /* EX_CGFloat.swift in Sources */ = {isa = PBXBuildFile; fileRef = E1AC0316242D1EE6006EF3F5 /* EX_CGFloat.swift */; };
		E1AC0335242D1EE6006EF3F5 /* EX_UINavigationBar.swift in Sources */ = {isa = PBXBuildFile; fileRef = E1AC0317242D1EE6006EF3F5 /* EX_UINavigationBar.swift */; };
		E1AC0336242D1EE6006EF3F5 /* EX_String.swift in Sources */ = {isa = PBXBuildFile; fileRef = E1AC0318242D1EE6006EF3F5 /* EX_String.swift */; };
		E1AC0337242D1EE6006EF3F5 /* EX_UIApplication.swift in Sources */ = {isa = PBXBuildFile; fileRef = E1AC0319242D1EE6006EF3F5 /* EX_UIApplication.swift */; };
		E1AC0338242D1EE6006EF3F5 /* EX_GestureRecognizer.swift in Sources */ = {isa = PBXBuildFile; fileRef = E1AC031A242D1EE6006EF3F5 /* EX_GestureRecognizer.swift */; };
		E1AC0339242D1EE6006EF3F5 /* EX_CALayer.swift in Sources */ = {isa = PBXBuildFile; fileRef = E1AC031B242D1EE6006EF3F5 /* EX_CALayer.swift */; };
		E1AC033A242D1EE6006EF3F5 /* EX_Optional.swift in Sources */ = {isa = PBXBuildFile; fileRef = E1AC031C242D1EE6006EF3F5 /* EX_Optional.swift */; };
		E1AC033B242D1EE6006EF3F5 /* EX_NSNumber.swift in Sources */ = {isa = PBXBuildFile; fileRef = E1AC031D242D1EE6006EF3F5 /* EX_NSNumber.swift */; };
		E1AC033C242D1EE6006EF3F5 /* EX_UIColor.swift in Sources */ = {isa = PBXBuildFile; fileRef = E1AC031E242D1EE6006EF3F5 /* EX_UIColor.swift */; };
		E1AC033D242D1EE6006EF3F5 /* EX_MediaPlayer.swift in Sources */ = {isa = PBXBuildFile; fileRef = E1AC031F242D1EE6006EF3F5 /* EX_MediaPlayer.swift */; };
		E1AC033E242D1EE6006EF3F5 /* EX_Date.swift in Sources */ = {isa = PBXBuildFile; fileRef = E1AC0320242D1EE6006EF3F5 /* EX_Date.swift */; };
		E1AC033F242D1EE6006EF3F5 /* EX_NSLayoutConstraint.swift in Sources */ = {isa = PBXBuildFile; fileRef = E1AC0321242D1EE6006EF3F5 /* EX_NSLayoutConstraint.swift */; };
		E1AC0340242D1EE6006EF3F5 /* EX_UITableView.swift in Sources */ = {isa = PBXBuildFile; fileRef = E1AC0322242D1EE6006EF3F5 /* EX_UITableView.swift */; };
		E1AC0341242D1EE6006EF3F5 /* EX_Data.swift in Sources */ = {isa = PBXBuildFile; fileRef = E1AC0323242D1EE6006EF3F5 /* EX_Data.swift */; };
		E1AC0342242D1EE6006EF3F5 /* EX_UIView.swift in Sources */ = {isa = PBXBuildFile; fileRef = E1AC0324242D1EE6006EF3F5 /* EX_UIView.swift */; };
		E1AC0343242D1EE6006EF3F5 /* EUIView.swift in Sources */ = {isa = PBXBuildFile; fileRef = E1AC0326242D1EE6006EF3F5 /* EUIView.swift */; };
		E1AC0344242D1EE6006EF3F5 /* EUIScrollView.swift in Sources */ = {isa = PBXBuildFile; fileRef = E1AC0327242D1EE6006EF3F5 /* EUIScrollView.swift */; };
		E1AC0345242D1EE6006EF3F5 /* EUIViewController.swift in Sources */ = {isa = PBXBuildFile; fileRef = E1AC0329242D1EE6006EF3F5 /* EUIViewController.swift */; };
		E1AC034E242D1EFC006EF3F5 /* Device.swift in Sources */ = {isa = PBXBuildFile; fileRef = E1AC0347242D1EFC006EF3F5 /* Device.swift */; };
		E1AC034F242D1EFC006EF3F5 /* LocalData.swift in Sources */ = {isa = PBXBuildFile; fileRef = E1AC0348242D1EFC006EF3F5 /* LocalData.swift */; };
		E1AC0350242D1EFD006EF3F5 /* Helper.swift in Sources */ = {isa = PBXBuildFile; fileRef = E1AC0349242D1EFC006EF3F5 /* Helper.swift */; };
		E1AC0351242D1EFD006EF3F5 /* AlertMessage.swift in Sources */ = {isa = PBXBuildFile; fileRef = E1AC034A242D1EFC006EF3F5 /* AlertMessage.swift */; };
		E1AC0352242D1EFD006EF3F5 /* Style.swift in Sources */ = {isa = PBXBuildFile; fileRef = E1AC034B242D1EFC006EF3F5 /* Style.swift */; };
		E1AC0353242D1EFD006EF3F5 /* AppConstants.swift in Sources */ = {isa = PBXBuildFile; fileRef = E1AC034C242D1EFC006EF3F5 /* AppConstants.swift */; };
		E1AC0357242D1FAF006EF3F5 /* PlayerView.swift in Sources */ = {isa = PBXBuildFile; fileRef = E1AC0356242D1FAF006EF3F5 /* PlayerView.swift */; };
		E1AC035D242D213B006EF3F5 /* DetailVideoViewController.swift in Sources */ = {isa = PBXBuildFile; fileRef = E1AC035B242D213B006EF3F5 /* DetailVideoViewController.swift */; };
		E1AC035E242D213B006EF3F5 /* DetailVideoViewController.xib in Resources */ = {isa = PBXBuildFile; fileRef = E1AC035C242D213B006EF3F5 /* DetailVideoViewController.xib */; };
		E1AC0363242D246C006EF3F5 /* ViewController.swift in Sources */ = {isa = PBXBuildFile; fileRef = E1AC0361242D246C006EF3F5 /* ViewController.swift */; };
		E1AC0364242D246C006EF3F5 /* Main.storyboard in Resources */ = {isa = PBXBuildFile; fileRef = E1AC0362242D246C006EF3F5 /* Main.storyboard */; };
		E1AC0366242D28C8006EF3F5 /* UIView+GestureRecognizer.swift in Sources */ = {isa = PBXBuildFile; fileRef = E1AC0365242D28C8006EF3F5 /* UIView+GestureRecognizer.swift */; };
/* End PBXBuildFile section */

/* Begin PBXFileReference section */
		503E8A8D0764A769289E415E /* Pods-MoviePlayer.debug.xcconfig */ = {isa = PBXFileReference; includeInIndex = 1; lastKnownFileType = text.xcconfig; name = "Pods-MoviePlayer.debug.xcconfig"; path = "Target Support Files/Pods-MoviePlayer/Pods-MoviePlayer.debug.xcconfig"; sourceTree = "<group>"; };
		793806793023B0442148D6BE /* Pods-MoviePlayer.release.xcconfig */ = {isa = PBXFileReference; includeInIndex = 1; lastKnownFileType = text.xcconfig; name = "Pods-MoviePlayer.release.xcconfig"; path = "Target Support Files/Pods-MoviePlayer/Pods-MoviePlayer.release.xcconfig"; sourceTree = "<group>"; };
		C117D3647788C16C2ECB745F /* Pods_MoviePlayer.framework */ = {isa = PBXFileReference; explicitFileType = wrapper.framework; includeInIndex = 0; path = Pods_MoviePlayer.framework; sourceTree = BUILT_PRODUCTS_DIR; };
		E1344168242F75E200C98EE2 /* FullScreenPlayerViewController.swift */ = {isa = PBXFileReference; lastKnownFileType = sourcecode.swift; path = FullScreenPlayerViewController.swift; sourceTree = "<group>"; };
		E1344169242F75E200C98EE2 /* FullScreenPlayerViewController.xib */ = {isa = PBXFileReference; lastKnownFileType = file.xib; path = FullScreenPlayerViewController.xib; sourceTree = "<group>"; };
		E134416C242F7A7100C98EE2 /* Ultilities.swift */ = {isa = PBXFileReference; lastKnownFileType = sourcecode.swift; path = Ultilities.swift; sourceTree = "<group>"; };
		E134416F242F7C7700C98EE2 /* FullScreenPlayerView.swift */ = {isa = PBXFileReference; lastKnownFileType = sourcecode.swift; path = FullScreenPlayerView.swift; sourceTree = "<group>"; };
		E1344171242F7C8000C98EE2 /* FullScreenPlayerView.xib */ = {isa = PBXFileReference; lastKnownFileType = file.xib; path = FullScreenPlayerView.xib; sourceTree = "<group>"; };
		E16BAD19242E6A8C00AA0DE1 /* AVFoundation.framework */ = {isa = PBXFileReference; lastKnownFileType = wrapper.framework; name = AVFoundation.framework; path = System/Library/Frameworks/AVFoundation.framework; sourceTree = SDKROOT; };
		E16BAD1A242E6A8C00AA0DE1 /* AVKit.framework */ = {isa = PBXFileReference; lastKnownFileType = wrapper.framework; name = AVKit.framework; path = System/Library/Frameworks/AVKit.framework; sourceTree = SDKROOT; };
		E1A77577242DC7FD0068D840 /* PlayerControlView.swift */ = {isa = PBXFileReference; lastKnownFileType = sourcecode.swift; path = PlayerControlView.swift; sourceTree = "<group>"; };
		E1A77579242DC8070068D840 /* PlayerControlView.xib */ = {isa = PBXFileReference; lastKnownFileType = file.xib; path = PlayerControlView.xib; sourceTree = "<group>"; };
		E1A7757C242DDD2C0068D840 /* VideoPlayerView.swift */ = {isa = PBXFileReference; lastKnownFileType = sourcecode.swift; path = VideoPlayerView.swift; sourceTree = "<group>"; };
		E1A7757E242DDD360068D840 /* VideoPlayerView.xib */ = {isa = PBXFileReference; lastKnownFileType = file.xib; path = VideoPlayerView.xib; sourceTree = "<group>"; };
		E1A77581242DE1550068D840 /* BaseViewController.swift */ = {isa = PBXFileReference; lastKnownFileType = sourcecode.swift; path = BaseViewController.swift; sourceTree = "<group>"; };
		E1A77584242E05A80068D840 /* VideoListViewController.swift */ = {isa = PBXFileReference; lastKnownFileType = sourcecode.swift; path = VideoListViewController.swift; sourceTree = "<group>"; };
		E1A77585242E05A80068D840 /* VideoListViewController.xib */ = {isa = PBXFileReference; lastKnownFileType = file.xib; path = VideoListViewController.xib; sourceTree = "<group>"; };
		E1A77589242E085F0068D840 /* videos.json */ = {isa = PBXFileReference; fileEncoding = 4; lastKnownFileType = text.json; path = videos.json; sourceTree = "<group>"; };
		E1A7758E242E0A3F0068D840 /* VideoListTableViewCell.swift */ = {isa = PBXFileReference; lastKnownFileType = sourcecode.swift; path = VideoListTableViewCell.swift; sourceTree = "<group>"; };
		E1A7758F242E0A3F0068D840 /* VideoListTableViewCell.xib */ = {isa = PBXFileReference; lastKnownFileType = file.xib; path = VideoListTableViewCell.xib; sourceTree = "<group>"; };
		E1A77592242E0B8A0068D840 /* Video.swift */ = {isa = PBXFileReference; lastKnownFileType = sourcecode.swift; path = Video.swift; sourceTree = "<group>"; };
		E1A77594242E10710068D840 /* CustomError.swift */ = {isa = PBXFileReference; lastKnownFileType = sourcecode.swift; path = CustomError.swift; sourceTree = "<group>"; };
		E1A7759D242E3A780068D840 /* SF-Pro-Display-Thin.otf */ = {isa = PBXFileReference; lastKnownFileType = file; path = "SF-Pro-Display-Thin.otf"; sourceTree = "<group>"; };
		E1A7759E242E3A780068D840 /* SF-Pro-Display-SemiboldItalic.otf */ = {isa = PBXFileReference; lastKnownFileType = file; path = "SF-Pro-Display-SemiboldItalic.otf"; sourceTree = "<group>"; };
		E1A7759F242E3A780068D840 /* SF-Pro-Text-Heavy.otf */ = {isa = PBXFileReference; lastKnownFileType = file; path = "SF-Pro-Text-Heavy.otf"; sourceTree = "<group>"; };
		E1A775A0242E3A780068D840 /* SF-Pro-Display-RegularItalic.otf */ = {isa = PBXFileReference; lastKnownFileType = file; path = "SF-Pro-Display-RegularItalic.otf"; sourceTree = "<group>"; };
		E1A775A1242E3A780068D840 /* SF-Pro-Display-Light.otf */ = {isa = PBXFileReference; lastKnownFileType = file; path = "SF-Pro-Display-Light.otf"; sourceTree = "<group>"; };
		E1A775A2242E3A780068D840 /* SF-Pro-Display-Regular.otf */ = {isa = PBXFileReference; lastKnownFileType = file; path = "SF-Pro-Display-Regular.otf"; sourceTree = "<group>"; };
		E1A775A3242E3A780068D840 /* SF-Pro-Text-MediumItalic.otf */ = {isa = PBXFileReference; lastKnownFileType = file; path = "SF-Pro-Text-MediumItalic.otf"; sourceTree = "<group>"; };
		E1A775A4242E3A780068D840 /* SF-Pro-Display-Bold.otf */ = {isa = PBXFileReference; lastKnownFileType = file; path = "SF-Pro-Display-Bold.otf"; sourceTree = "<group>"; };
		E1A775A5242E3A780068D840 /* SF-Pro-Display-Medium.otf */ = {isa = PBXFileReference; lastKnownFileType = file; path = "SF-Pro-Display-Medium.otf"; sourceTree = "<group>"; };
		E1A775A6242E3A780068D840 /* SF-Pro-Display-Heavy.otf */ = {isa = PBXFileReference; lastKnownFileType = file; path = "SF-Pro-Display-Heavy.otf"; sourceTree = "<group>"; };
		E1A775A7242E3A780068D840 /* SF-Pro-Text-Light.otf */ = {isa = PBXFileReference; lastKnownFileType = file; path = "SF-Pro-Text-Light.otf"; sourceTree = "<group>"; };
		E1A775A8242E3A780068D840 /* SF-Pro-Display-Semibold.otf */ = {isa = PBXFileReference; lastKnownFileType = file; path = "SF-Pro-Display-Semibold.otf"; sourceTree = "<group>"; };
		E1A775A9242E3A780068D840 /* SF-Pro-Text-Regular.otf */ = {isa = PBXFileReference; lastKnownFileType = file; path = "SF-Pro-Text-Regular.otf"; sourceTree = "<group>"; };
		E1A775AA242E3A780068D840 /* SF-Pro-Text-Bold.otf */ = {isa = PBXFileReference; lastKnownFileType = file; path = "SF-Pro-Text-Bold.otf"; sourceTree = "<group>"; };
		E1A775AB242E3A780068D840 /* SF-Pro-Display-MediumItalic.otf */ = {isa = PBXFileReference; lastKnownFileType = file; path = "SF-Pro-Display-MediumItalic.otf"; sourceTree = "<group>"; };
		E1A775AC242E3A780068D840 /* SF-Pro-Display-HeavyItalic.otf */ = {isa = PBXFileReference; lastKnownFileType = file; path = "SF-Pro-Display-HeavyItalic.otf"; sourceTree = "<group>"; };
		E1A775AD242E3A780068D840 /* SF-Pro-Display-Ultralight.otf */ = {isa = PBXFileReference; lastKnownFileType = file; path = "SF-Pro-Display-Ultralight.otf"; sourceTree = "<group>"; };
		E1A775AE242E3A780068D840 /* SF-Pro-Display-UltralightItalic.otf */ = {isa = PBXFileReference; lastKnownFileType = file; path = "SF-Pro-Display-UltralightItalic.otf"; sourceTree = "<group>"; };
		E1A775AF242E3A780068D840 /* SF-Pro-Display-LightItalic.otf */ = {isa = PBXFileReference; lastKnownFileType = file; path = "SF-Pro-Display-LightItalic.otf"; sourceTree = "<group>"; };
		E1A775B0242E3A780068D840 /* SF-Pro-Display-BlackItalic.otf */ = {isa = PBXFileReference; lastKnownFileType = file; path = "SF-Pro-Display-BlackItalic.otf"; sourceTree = "<group>"; };
		E1A775B1242E3A780068D840 /* SF-Pro-Display-Black.otf */ = {isa = PBXFileReference; lastKnownFileType = file; path = "SF-Pro-Display-Black.otf"; sourceTree = "<group>"; };
		E1A775B2242E3A780068D840 /* SF-Pro-Text-BoldItalic.otf */ = {isa = PBXFileReference; lastKnownFileType = file; path = "SF-Pro-Text-BoldItalic.otf"; sourceTree = "<group>"; };
		E1A775B3242E3A780068D840 /* SF-Pro-Text-RegularItalic.otf */ = {isa = PBXFileReference; lastKnownFileType = file; path = "SF-Pro-Text-RegularItalic.otf"; sourceTree = "<group>"; };
		E1A775B4242E3A780068D840 /* SF-Pro-Text-Semibold.otf */ = {isa = PBXFileReference; lastKnownFileType = file; path = "SF-Pro-Text-Semibold.otf"; sourceTree = "<group>"; };
		E1A775B5242E3A780068D840 /* SF-Pro-Text-HeavyItalic.otf */ = {isa = PBXFileReference; lastKnownFileType = file; path = "SF-Pro-Text-HeavyItalic.otf"; sourceTree = "<group>"; };
		E1A775B6242E3A780068D840 /* SF-Pro-Display-ThinItalic.otf */ = {isa = PBXFileReference; lastKnownFileType = file; path = "SF-Pro-Display-ThinItalic.otf"; sourceTree = "<group>"; };
		E1A775B7242E3A780068D840 /* SF-Pro-Text-LightItalic.otf */ = {isa = PBXFileReference; lastKnownFileType = file; path = "SF-Pro-Text-LightItalic.otf"; sourceTree = "<group>"; };
		E1A775B8242E3A780068D840 /* SF-Pro-Text-Medium.otf */ = {isa = PBXFileReference; lastKnownFileType = file; path = "SF-Pro-Text-Medium.otf"; sourceTree = "<group>"; };
		E1A775B9242E3A780068D840 /* SF-Pro-Display-BoldItalic.otf */ = {isa = PBXFileReference; lastKnownFileType = file; path = "SF-Pro-Display-BoldItalic.otf"; sourceTree = "<group>"; };
		E1A775BA242E3A780068D840 /* SF-Pro-Text-SemiboldItalic.otf */ = {isa = PBXFileReference; lastKnownFileType = file; path = "SF-Pro-Text-SemiboldItalic.otf"; sourceTree = "<group>"; };
		E1A775BC242E3A780068D840 /* SFProText-Medium.ttf */ = {isa = PBXFileReference; lastKnownFileType = file; path = "SFProText-Medium.ttf"; sourceTree = "<group>"; };
		E1A775BD242E3A780068D840 /* SFProText-Heavy.ttf */ = {isa = PBXFileReference; lastKnownFileType = file; path = "SFProText-Heavy.ttf"; sourceTree = "<group>"; };
		E1A775BE242E3A780068D840 /* SFProDisplay-Ultralight-1.ttf */ = {isa = PBXFileReference; lastKnownFileType = file; path = "SFProDisplay-Ultralight-1.ttf"; sourceTree = "<group>"; };
		E1A775BF242E3A780068D840 /* SFProDisplay-UltraLight.ttf */ = {isa = PBXFileReference; lastKnownFileType = file; path = "SFProDisplay-UltraLight.ttf"; sourceTree = "<group>"; };
		E1A775C0242E3A780068D840 /* SFProDisplay-RegularItalic.ttf */ = {isa = PBXFileReference; lastKnownFileType = file; path = "SFProDisplay-RegularItalic.ttf"; sourceTree = "<group>"; };
		E1A775C1242E3A780068D840 /* SFProDisplay-SemiboldItalic.ttf */ = {isa = PBXFileReference; lastKnownFileType = file; path = "SFProDisplay-SemiboldItalic.ttf"; sourceTree = "<group>"; };
		E1A775C2242E3A780068D840 /* SFProText-RegularItalic.ttf */ = {isa = PBXFileReference; lastKnownFileType = file; path = "SFProText-RegularItalic.ttf"; sourceTree = "<group>"; };
		E1A775C3242E3A780068D840 /* SFProText-SemiBold.ttf */ = {isa = PBXFileReference; lastKnownFileType = file; path = "SFProText-SemiBold.ttf"; sourceTree = "<group>"; };
		E1A775C4242E3A780068D840 /* SFProText-Regular.ttf */ = {isa = PBXFileReference; lastKnownFileType = file; path = "SFProText-Regular.ttf"; sourceTree = "<group>"; };
		E1A775C5242E3A780068D840 /* SFProDisplay-BoldItalic.ttf */ = {isa = PBXFileReference; lastKnownFileType = file; path = "SFProDisplay-BoldItalic.ttf"; sourceTree = "<group>"; };
		E1A775C6242E3A780068D840 /* SFProDisplay-Medium.ttf */ = {isa = PBXFileReference; lastKnownFileType = file; path = "SFProDisplay-Medium.ttf"; sourceTree = "<group>"; };
		E1A775C7242E3A780068D840 /* SFProDisplay-Black.ttf */ = {isa = PBXFileReference; lastKnownFileType = file; path = "SFProDisplay-Black.ttf"; sourceTree = "<group>"; };
		E1A775C8242E3A780068D840 /* SFProText-BoldItalic.ttf */ = {isa = PBXFileReference; lastKnownFileType = file; path = "SFProText-BoldItalic.ttf"; sourceTree = "<group>"; };
		E1A775C9242E3A780068D840 /* SFProText-MediumItalic.ttf */ = {isa = PBXFileReference; lastKnownFileType = file; path = "SFProText-MediumItalic.ttf"; sourceTree = "<group>"; };
		E1A775CA242E3A780068D840 /* SFProText-LightItalic.ttf */ = {isa = PBXFileReference; lastKnownFileType = file; path = "SFProText-LightItalic.ttf"; sourceTree = "<group>"; };
		E1A775CB242E3A780068D840 /* SFProText-Light.ttf */ = {isa = PBXFileReference; lastKnownFileType = file; path = "SFProText-Light.ttf"; sourceTree = "<group>"; };
		E1A775CC242E3A780068D840 /* SFProDisplay-ThinItalic.ttf */ = {isa = PBXFileReference; lastKnownFileType = file; path = "SFProDisplay-ThinItalic.ttf"; sourceTree = "<group>"; };
		E1A775CD242E3A780068D840 /* SFProText-HeavyItalic.ttf */ = {isa = PBXFileReference; lastKnownFileType = file; path = "SFProText-HeavyItalic.ttf"; sourceTree = "<group>"; };
		E1A775CE242E3A780068D840 /* SFProDisplay-Light.ttf */ = {isa = PBXFileReference; lastKnownFileType = file; path = "SFProDisplay-Light.ttf"; sourceTree = "<group>"; };
		E1A775CF242E3A780068D840 /* SFProDisplay-Regular.ttf */ = {isa = PBXFileReference; lastKnownFileType = file; path = "SFProDisplay-Regular.ttf"; sourceTree = "<group>"; };
		E1A775D0242E3A780068D840 /* SFProDisplay-BlackItalic.ttf */ = {isa = PBXFileReference; lastKnownFileType = file; path = "SFProDisplay-BlackItalic.ttf"; sourceTree = "<group>"; };
		E1A775D1242E3A780068D840 /* SFProText-Semibold-1.ttf */ = {isa = PBXFileReference; lastKnownFileType = file; path = "SFProText-Semibold-1.ttf"; sourceTree = "<group>"; };
		E1A775D2242E3A780068D840 /* SFProDisplay-Semibold-1.ttf */ = {isa = PBXFileReference; lastKnownFileType = file; path = "SFProDisplay-Semibold-1.ttf"; sourceTree = "<group>"; };
		E1A775D3242E3A780068D840 /* SFProText-SemiBoldItalic.ttf */ = {isa = PBXFileReference; lastKnownFileType = file; path = "SFProText-SemiBoldItalic.ttf"; sourceTree = "<group>"; };
		E1A775D4242E3A780068D840 /* SFProDisplay-MediumItalic.ttf */ = {isa = PBXFileReference; lastKnownFileType = file; path = "SFProDisplay-MediumItalic.ttf"; sourceTree = "<group>"; };
		E1A775D5242E3A780068D840 /* SFProDisplay-Bold.ttf */ = {isa = PBXFileReference; lastKnownFileType = file; path = "SFProDisplay-Bold.ttf"; sourceTree = "<group>"; };
		E1A775D6242E3A780068D840 /* SFProText-SemiboldItalic-1.ttf */ = {isa = PBXFileReference; lastKnownFileType = file; path = "SFProText-SemiboldItalic-1.ttf"; sourceTree = "<group>"; };
		E1A775D7242E3A780068D840 /* SFProText-Bold.ttf */ = {isa = PBXFileReference; lastKnownFileType = file; path = "SFProText-Bold.ttf"; sourceTree = "<group>"; };
		E1A775D8242E3A780068D840 /* SFProDisplay-HeavyItalic.ttf */ = {isa = PBXFileReference; lastKnownFileType = file; path = "SFProDisplay-HeavyItalic.ttf"; sourceTree = "<group>"; };
		E1A775D9242E3A780068D840 /* SFProDisplay-SemiBold.ttf */ = {isa = PBXFileReference; lastKnownFileType = file; path = "SFProDisplay-SemiBold.ttf"; sourceTree = "<group>"; };
		E1A775DA242E3A780068D840 /* SFProDisplay-Heavy.ttf */ = {isa = PBXFileReference; lastKnownFileType = file; path = "SFProDisplay-Heavy.ttf"; sourceTree = "<group>"; };
		E1A775DB242E3A780068D840 /* SFProDisplay-LightItalic.ttf */ = {isa = PBXFileReference; lastKnownFileType = file; path = "SFProDisplay-LightItalic.ttf"; sourceTree = "<group>"; };
		E1A775DC242E3A780068D840 /* SFProDisplay-UltralightItalic.ttf */ = {isa = PBXFileReference; lastKnownFileType = file; path = "SFProDisplay-UltralightItalic.ttf"; sourceTree = "<group>"; };
		E1A775DD242E3A780068D840 /* SFProDisplay-Thin.ttf */ = {isa = PBXFileReference; lastKnownFileType = file; path = "SFProDisplay-Thin.ttf"; sourceTree = "<group>"; };
		E1A775DE242E3A780068D840 /* SFPro_Font_License.rtf */ = {isa = PBXFileReference; fileEncoding = 4; lastKnownFileType = text.rtf; path = SFPro_Font_License.rtf; sourceTree = "<group>"; };
		E1AC02ED242D1DFA006EF3F5 /* MoviePlayer.app */ = {isa = PBXFileReference; explicitFileType = wrapper.application; includeInIndex = 0; path = MoviePlayer.app; sourceTree = BUILT_PRODUCTS_DIR; };
		E1AC02F0242D1DFA006EF3F5 /* AppDelegate.swift */ = {isa = PBXFileReference; lastKnownFileType = sourcecode.swift; path = AppDelegate.swift; sourceTree = "<group>"; };
		E1AC02F9242D1DFD006EF3F5 /* Assets.xcassets */ = {isa = PBXFileReference; lastKnownFileType = folder.assetcatalog; path = Assets.xcassets; sourceTree = "<group>"; };
		E1AC02FC242D1DFD006EF3F5 /* Base */ = {isa = PBXFileReference; lastKnownFileType = file.storyboard; name = Base; path = Base.lproj/LaunchScreen.storyboard; sourceTree = "<group>"; };
		E1AC02FE242D1DFD006EF3F5 /* Info.plist */ = {isa = PBXFileReference; lastKnownFileType = text.plist.xml; path = Info.plist; sourceTree = "<group>"; };
		E1AC0309242D1EE6006EF3F5 /* IB_UITextField.swift */ = {isa = PBXFileReference; fileEncoding = 4; lastKnownFileType = sourcecode.swift; path = IB_UITextField.swift; sourceTree = "<group>"; };
		E1AC030A242D1EE6006EF3F5 /* IB_UIButton.swift */ = {isa = PBXFileReference; fileEncoding = 4; lastKnownFileType = sourcecode.swift; path = IB_UIButton.swift; sourceTree = "<group>"; };
		E1AC030B242D1EE6006EF3F5 /* IB_UIView.swift */ = {isa = PBXFileReference; fileEncoding = 4; lastKnownFileType = sourcecode.swift; path = IB_UIView.swift; sourceTree = "<group>"; };
		E1AC030D242D1EE6006EF3F5 /* ExtensionString.swift */ = {isa = PBXFileReference; fileEncoding = 4; lastKnownFileType = sourcecode.swift; path = ExtensionString.swift; sourceTree = "<group>"; };
		E1AC030F242D1EE6006EF3F5 /* EUIImage.swift */ = {isa = PBXFileReference; fileEncoding = 4; lastKnownFileType = sourcecode.swift; path = EUIImage.swift; sourceTree = "<group>"; };
		E1AC0311242D1EE6006EF3F5 /* EX_UIPanGesture.swift */ = {isa = PBXFileReference; fileEncoding = 4; lastKnownFileType = sourcecode.swift; path = EX_UIPanGesture.swift; sourceTree = "<group>"; };
		E1AC0312242D1EE6006EF3F5 /* EX_URL.swift */ = {isa = PBXFileReference; fileEncoding = 4; lastKnownFileType = sourcecode.swift; path = EX_URL.swift; sourceTree = "<group>"; };
		E1AC0313242D1EE6006EF3F5 /* EX_FloatingPoint.swift */ = {isa = PBXFileReference; fileEncoding = 4; lastKnownFileType = sourcecode.swift; path = EX_FloatingPoint.swift; sourceTree = "<group>"; };
		E1AC0314242D1EE6006EF3F5 /* EX_UserDeafults.swift */ = {isa = PBXFileReference; fileEncoding = 4; lastKnownFileType = sourcecode.swift; path = EX_UserDeafults.swift; sourceTree = "<group>"; };
		E1AC0315242D1EE6006EF3F5 /* EX_Array.swift */ = {isa = PBXFileReference; fileEncoding = 4; lastKnownFileType = sourcecode.swift; path = EX_Array.swift; sourceTree = "<group>"; };
		E1AC0316242D1EE6006EF3F5 /* EX_CGFloat.swift */ = {isa = PBXFileReference; fileEncoding = 4; lastKnownFileType = sourcecode.swift; path = EX_CGFloat.swift; sourceTree = "<group>"; };
		E1AC0317242D1EE6006EF3F5 /* EX_UINavigationBar.swift */ = {isa = PBXFileReference; fileEncoding = 4; lastKnownFileType = sourcecode.swift; path = EX_UINavigationBar.swift; sourceTree = "<group>"; };
		E1AC0318242D1EE6006EF3F5 /* EX_String.swift */ = {isa = PBXFileReference; fileEncoding = 4; lastKnownFileType = sourcecode.swift; path = EX_String.swift; sourceTree = "<group>"; };
		E1AC0319242D1EE6006EF3F5 /* EX_UIApplication.swift */ = {isa = PBXFileReference; fileEncoding = 4; lastKnownFileType = sourcecode.swift; path = EX_UIApplication.swift; sourceTree = "<group>"; };
		E1AC031A242D1EE6006EF3F5 /* EX_GestureRecognizer.swift */ = {isa = PBXFileReference; fileEncoding = 4; lastKnownFileType = sourcecode.swift; path = EX_GestureRecognizer.swift; sourceTree = "<group>"; };
		E1AC031B242D1EE6006EF3F5 /* EX_CALayer.swift */ = {isa = PBXFileReference; fileEncoding = 4; lastKnownFileType = sourcecode.swift; path = EX_CALayer.swift; sourceTree = "<group>"; };
		E1AC031C242D1EE6006EF3F5 /* EX_Optional.swift */ = {isa = PBXFileReference; fileEncoding = 4; lastKnownFileType = sourcecode.swift; path = EX_Optional.swift; sourceTree = "<group>"; };
		E1AC031D242D1EE6006EF3F5 /* EX_NSNumber.swift */ = {isa = PBXFileReference; fileEncoding = 4; lastKnownFileType = sourcecode.swift; path = EX_NSNumber.swift; sourceTree = "<group>"; };
		E1AC031E242D1EE6006EF3F5 /* EX_UIColor.swift */ = {isa = PBXFileReference; fileEncoding = 4; lastKnownFileType = sourcecode.swift; path = EX_UIColor.swift; sourceTree = "<group>"; };
		E1AC031F242D1EE6006EF3F5 /* EX_MediaPlayer.swift */ = {isa = PBXFileReference; fileEncoding = 4; lastKnownFileType = sourcecode.swift; path = EX_MediaPlayer.swift; sourceTree = "<group>"; };
		E1AC0320242D1EE6006EF3F5 /* EX_Date.swift */ = {isa = PBXFileReference; fileEncoding = 4; lastKnownFileType = sourcecode.swift; path = EX_Date.swift; sourceTree = "<group>"; };
		E1AC0321242D1EE6006EF3F5 /* EX_NSLayoutConstraint.swift */ = {isa = PBXFileReference; fileEncoding = 4; lastKnownFileType = sourcecode.swift; path = EX_NSLayoutConstraint.swift; sourceTree = "<group>"; };
		E1AC0322242D1EE6006EF3F5 /* EX_UITableView.swift */ = {isa = PBXFileReference; fileEncoding = 4; lastKnownFileType = sourcecode.swift; path = EX_UITableView.swift; sourceTree = "<group>"; };
		E1AC0323242D1EE6006EF3F5 /* EX_Data.swift */ = {isa = PBXFileReference; fileEncoding = 4; lastKnownFileType = sourcecode.swift; path = EX_Data.swift; sourceTree = "<group>"; };
		E1AC0324242D1EE6006EF3F5 /* EX_UIView.swift */ = {isa = PBXFileReference; fileEncoding = 4; lastKnownFileType = sourcecode.swift; path = EX_UIView.swift; sourceTree = "<group>"; };
		E1AC0326242D1EE6006EF3F5 /* EUIView.swift */ = {isa = PBXFileReference; fileEncoding = 4; lastKnownFileType = sourcecode.swift; path = EUIView.swift; sourceTree = "<group>"; };
		E1AC0327242D1EE6006EF3F5 /* EUIScrollView.swift */ = {isa = PBXFileReference; fileEncoding = 4; lastKnownFileType = sourcecode.swift; path = EUIScrollView.swift; sourceTree = "<group>"; };
		E1AC0329242D1EE6006EF3F5 /* EUIViewController.swift */ = {isa = PBXFileReference; fileEncoding = 4; lastKnownFileType = sourcecode.swift; path = EUIViewController.swift; sourceTree = "<group>"; };
		E1AC0347242D1EFC006EF3F5 /* Device.swift */ = {isa = PBXFileReference; fileEncoding = 4; lastKnownFileType = sourcecode.swift; path = Device.swift; sourceTree = "<group>"; };
		E1AC0348242D1EFC006EF3F5 /* LocalData.swift */ = {isa = PBXFileReference; fileEncoding = 4; lastKnownFileType = sourcecode.swift; path = LocalData.swift; sourceTree = "<group>"; };
		E1AC0349242D1EFC006EF3F5 /* Helper.swift */ = {isa = PBXFileReference; fileEncoding = 4; lastKnownFileType = sourcecode.swift; path = Helper.swift; sourceTree = "<group>"; };
		E1AC034A242D1EFC006EF3F5 /* AlertMessage.swift */ = {isa = PBXFileReference; fileEncoding = 4; lastKnownFileType = sourcecode.swift; path = AlertMessage.swift; sourceTree = "<group>"; };
		E1AC034B242D1EFC006EF3F5 /* Style.swift */ = {isa = PBXFileReference; fileEncoding = 4; lastKnownFileType = sourcecode.swift; path = Style.swift; sourceTree = "<group>"; };
		E1AC034C242D1EFC006EF3F5 /* AppConstants.swift */ = {isa = PBXFileReference; fileEncoding = 4; lastKnownFileType = sourcecode.swift; path = AppConstants.swift; sourceTree = "<group>"; };
		E1AC0356242D1FAF006EF3F5 /* PlayerView.swift */ = {isa = PBXFileReference; lastKnownFileType = sourcecode.swift; path = PlayerView.swift; sourceTree = "<group>"; };
		E1AC035B242D213B006EF3F5 /* DetailVideoViewController.swift */ = {isa = PBXFileReference; lastKnownFileType = sourcecode.swift; path = DetailVideoViewController.swift; sourceTree = "<group>"; };
		E1AC035C242D213B006EF3F5 /* DetailVideoViewController.xib */ = {isa = PBXFileReference; lastKnownFileType = file.xib; path = DetailVideoViewController.xib; sourceTree = "<group>"; };
		E1AC0361242D246C006EF3F5 /* ViewController.swift */ = {isa = PBXFileReference; fileEncoding = 4; lastKnownFileType = sourcecode.swift; path = ViewController.swift; sourceTree = "<group>"; };
		E1AC0362242D246C006EF3F5 /* Main.storyboard */ = {isa = PBXFileReference; fileEncoding = 4; lastKnownFileType = file.storyboard; path = Main.storyboard; sourceTree = "<group>"; };
		E1AC0365242D28C8006EF3F5 /* UIView+GestureRecognizer.swift */ = {isa = PBXFileReference; lastKnownFileType = sourcecode.swift; path = "UIView+GestureRecognizer.swift"; sourceTree = "<group>"; };
/* End PBXFileReference section */

/* Begin PBXFrameworksBuildPhase section */
		E1AC02EA242D1DFA006EF3F5 /* Frameworks */ = {
			isa = PBXFrameworksBuildPhase;
			buildActionMask = 2147483647;
			files = (
				E16BAD1D242E6AC400AA0DE1 /* AVFoundation.framework in Frameworks */,
				E16BAD1E242E6AC400AA0DE1 /* AVKit.framework in Frameworks */,
				17127AFC0AB73A239BAA2B36 /* Pods_MoviePlayer.framework in Frameworks */,
			);
			runOnlyForDeploymentPostprocessing = 0;
		};
/* End PBXFrameworksBuildPhase section */

/* Begin PBXGroup section */
		CB289B5EE27A1873A9796DE1 /* Frameworks */ = {
			isa = PBXGroup;
			children = (
				E16BAD19242E6A8C00AA0DE1 /* AVFoundation.framework */,
				E16BAD1A242E6A8C00AA0DE1 /* AVKit.framework */,
				C117D3647788C16C2ECB745F /* Pods_MoviePlayer.framework */,
			);
			name = Frameworks;
			sourceTree = "<group>";
		};
		E1344165242F75B800C98EE2 /* FullScreenPlayerViewController */ = {
			isa = PBXGroup;
			children = (
				E1344168242F75E200C98EE2 /* FullScreenPlayerViewController.swift */,
				E1344169242F75E200C98EE2 /* FullScreenPlayerViewController.xib */,
			);
			path = FullScreenPlayerViewController;
			sourceTree = "<group>";
		};
		E134416E242F7C5300C98EE2 /* FullScreenPlayerView */ = {
			isa = PBXGroup;
			children = (
				E134416F242F7C7700C98EE2 /* FullScreenPlayerView.swift */,
				E1344171242F7C8000C98EE2 /* FullScreenPlayerView.xib */,
			);
			path = FullScreenPlayerView;
			sourceTree = "<group>";
		};
		E1A77576242DC6EF0068D840 /* PlayerControlView */ = {
			isa = PBXGroup;
			children = (
				E1A77577242DC7FD0068D840 /* PlayerControlView.swift */,
				E1A77579242DC8070068D840 /* PlayerControlView.xib */,
			);
			path = PlayerControlView;
			sourceTree = "<group>";
		};
		E1A7757B242DDD040068D840 /* VideoPlayerView */ = {
			isa = PBXGroup;
			children = (
				E1A7757C242DDD2C0068D840 /* VideoPlayerView.swift */,
				E1A7757E242DDD360068D840 /* VideoPlayerView.xib */,
			);
			path = VideoPlayerView;
			sourceTree = "<group>";
		};
		E1A77580242DE1420068D840 /* BaseViewController */ = {
			isa = PBXGroup;
			children = (
				E1A77581242DE1550068D840 /* BaseViewController.swift */,
			);
			path = BaseViewController;
			sourceTree = "<group>";
		};
		E1A77583242E05890068D840 /* VideoListViewController */ = {
			isa = PBXGroup;
			children = (
				E1A77584242E05A80068D840 /* VideoListViewController.swift */,
				E1A77585242E05A80068D840 /* VideoListViewController.xib */,
			);
			path = VideoListViewController;
			sourceTree = "<group>";
		};
		E1A77588242E07AA0068D840 /* Supporting Files */ = {
			isa = PBXGroup;
			children = (
			);
			path = "Supporting Files";
			sourceTree = "<group>";
		};
		E1A7758B242E0A0B0068D840 /* Cells */ = {
			isa = PBXGroup;
			children = (
				E1A7758C242E0A100068D840 /* TableViewCells */,
			);
			path = Cells;
			sourceTree = "<group>";
		};
		E1A7758C242E0A100068D840 /* TableViewCells */ = {
			isa = PBXGroup;
			children = (
				E1A7758D242E0A150068D840 /* VideoListTableViewCell */,
			);
			path = TableViewCells;
			sourceTree = "<group>";
		};
		E1A7758D242E0A150068D840 /* VideoListTableViewCell */ = {
			isa = PBXGroup;
			children = (
				E1A7758E242E0A3F0068D840 /* VideoListTableViewCell.swift */,
				E1A7758F242E0A3F0068D840 /* VideoListTableViewCell.xib */,
			);
			path = VideoListTableViewCell;
			sourceTree = "<group>";
		};
		E1A77596242E28E70068D840 /* Libs */ = {
			isa = PBXGroup;
			children = (
			);
			path = Libs;
			sourceTree = "<group>";
		};
		E1A77599242E3A6F0068D840 /* Resources */ = {
			isa = PBXGroup;
			children = (
				E1A77589242E085F0068D840 /* videos.json */,
				E1A7759A242E3A780068D840 /* Font */,
			);
			path = Resources;
			sourceTree = "<group>";
		};
		E1A7759A242E3A780068D840 /* Font */ = {
			isa = PBXGroup;
			children = (
				E1A7759B242E3A780068D840 /* SFPro */,
			);
			path = Font;
			sourceTree = "<group>";
		};
		E1A7759B242E3A780068D840 /* SFPro */ = {
			isa = PBXGroup;
			children = (
				E1A7759C242E3A780068D840 /* OpenType */,
				E1A775BB242E3A780068D840 /* TrueType */,
				E1A775DE242E3A780068D840 /* SFPro_Font_License.rtf */,
			);
			path = SFPro;
			sourceTree = "<group>";
		};
		E1A7759C242E3A780068D840 /* OpenType */ = {
			isa = PBXGroup;
			children = (
				E1A7759D242E3A780068D840 /* SF-Pro-Display-Thin.otf */,
				E1A7759E242E3A780068D840 /* SF-Pro-Display-SemiboldItalic.otf */,
				E1A7759F242E3A780068D840 /* SF-Pro-Text-Heavy.otf */,
				E1A775A0242E3A780068D840 /* SF-Pro-Display-RegularItalic.otf */,
				E1A775A1242E3A780068D840 /* SF-Pro-Display-Light.otf */,
				E1A775A2242E3A780068D840 /* SF-Pro-Display-Regular.otf */,
				E1A775A3242E3A780068D840 /* SF-Pro-Text-MediumItalic.otf */,
				E1A775A4242E3A780068D840 /* SF-Pro-Display-Bold.otf */,
				E1A775A5242E3A780068D840 /* SF-Pro-Display-Medium.otf */,
				E1A775A6242E3A780068D840 /* SF-Pro-Display-Heavy.otf */,
				E1A775A7242E3A780068D840 /* SF-Pro-Text-Light.otf */,
				E1A775A8242E3A780068D840 /* SF-Pro-Display-Semibold.otf */,
				E1A775A9242E3A780068D840 /* SF-Pro-Text-Regular.otf */,
				E1A775AA242E3A780068D840 /* SF-Pro-Text-Bold.otf */,
				E1A775AB242E3A780068D840 /* SF-Pro-Display-MediumItalic.otf */,
				E1A775AC242E3A780068D840 /* SF-Pro-Display-HeavyItalic.otf */,
				E1A775AD242E3A780068D840 /* SF-Pro-Display-Ultralight.otf */,
				E1A775AE242E3A780068D840 /* SF-Pro-Display-UltralightItalic.otf */,
				E1A775AF242E3A780068D840 /* SF-Pro-Display-LightItalic.otf */,
				E1A775B0242E3A780068D840 /* SF-Pro-Display-BlackItalic.otf */,
				E1A775B1242E3A780068D840 /* SF-Pro-Display-Black.otf */,
				E1A775B2242E3A780068D840 /* SF-Pro-Text-BoldItalic.otf */,
				E1A775B3242E3A780068D840 /* SF-Pro-Text-RegularItalic.otf */,
				E1A775B4242E3A780068D840 /* SF-Pro-Text-Semibold.otf */,
				E1A775B5242E3A780068D840 /* SF-Pro-Text-HeavyItalic.otf */,
				E1A775B6242E3A780068D840 /* SF-Pro-Display-ThinItalic.otf */,
				E1A775B7242E3A780068D840 /* SF-Pro-Text-LightItalic.otf */,
				E1A775B8242E3A780068D840 /* SF-Pro-Text-Medium.otf */,
				E1A775B9242E3A780068D840 /* SF-Pro-Display-BoldItalic.otf */,
				E1A775BA242E3A780068D840 /* SF-Pro-Text-SemiboldItalic.otf */,
			);
			path = OpenType;
			sourceTree = "<group>";
		};
		E1A775BB242E3A780068D840 /* TrueType */ = {
			isa = PBXGroup;
			children = (
				E1A775BC242E3A780068D840 /* SFProText-Medium.ttf */,
				E1A775BD242E3A780068D840 /* SFProText-Heavy.ttf */,
				E1A775BE242E3A780068D840 /* SFProDisplay-Ultralight-1.ttf */,
				E1A775BF242E3A780068D840 /* SFProDisplay-UltraLight.ttf */,
				E1A775C0242E3A780068D840 /* SFProDisplay-RegularItalic.ttf */,
				E1A775C1242E3A780068D840 /* SFProDisplay-SemiboldItalic.ttf */,
				E1A775C2242E3A780068D840 /* SFProText-RegularItalic.ttf */,
				E1A775C3242E3A780068D840 /* SFProText-SemiBold.ttf */,
				E1A775C4242E3A780068D840 /* SFProText-Regular.ttf */,
				E1A775C5242E3A780068D840 /* SFProDisplay-BoldItalic.ttf */,
				E1A775C6242E3A780068D840 /* SFProDisplay-Medium.ttf */,
				E1A775C7242E3A780068D840 /* SFProDisplay-Black.ttf */,
				E1A775C8242E3A780068D840 /* SFProText-BoldItalic.ttf */,
				E1A775C9242E3A780068D840 /* SFProText-MediumItalic.ttf */,
				E1A775CA242E3A780068D840 /* SFProText-LightItalic.ttf */,
				E1A775CB242E3A780068D840 /* SFProText-Light.ttf */,
				E1A775CC242E3A780068D840 /* SFProDisplay-ThinItalic.ttf */,
				E1A775CD242E3A780068D840 /* SFProText-HeavyItalic.ttf */,
				E1A775CE242E3A780068D840 /* SFProDisplay-Light.ttf */,
				E1A775CF242E3A780068D840 /* SFProDisplay-Regular.ttf */,
				E1A775D0242E3A780068D840 /* SFProDisplay-BlackItalic.ttf */,
				E1A775D1242E3A780068D840 /* SFProText-Semibold-1.ttf */,
				E1A775D2242E3A780068D840 /* SFProDisplay-Semibold-1.ttf */,
				E1A775D3242E3A780068D840 /* SFProText-SemiBoldItalic.ttf */,
				E1A775D4242E3A780068D840 /* SFProDisplay-MediumItalic.ttf */,
				E1A775D5242E3A780068D840 /* SFProDisplay-Bold.ttf */,
				E1A775D6242E3A780068D840 /* SFProText-SemiboldItalic-1.ttf */,
				E1A775D7242E3A780068D840 /* SFProText-Bold.ttf */,
				E1A775D8242E3A780068D840 /* SFProDisplay-HeavyItalic.ttf */,
				E1A775D9242E3A780068D840 /* SFProDisplay-SemiBold.ttf */,
				E1A775DA242E3A780068D840 /* SFProDisplay-Heavy.ttf */,
				E1A775DB242E3A780068D840 /* SFProDisplay-LightItalic.ttf */,
				E1A775DC242E3A780068D840 /* SFProDisplay-UltralightItalic.ttf */,
				E1A775DD242E3A780068D840 /* SFProDisplay-Thin.ttf */,
			);
			path = TrueType;
			sourceTree = "<group>";
		};
		E1AC02E4242D1DFA006EF3F5 = {
			isa = PBXGroup;
			children = (
				E1AC02EF242D1DFA006EF3F5 /* MoviePlayer */,
				E1AC02EE242D1DFA006EF3F5 /* Products */,
				E2C9C7332C1C6E27BBCF424C /* Pods */,
				CB289B5EE27A1873A9796DE1 /* Frameworks */,
			);
			sourceTree = "<group>";
		};
		E1AC02EE242D1DFA006EF3F5 /* Products */ = {
			isa = PBXGroup;
			children = (
				E1AC02ED242D1DFA006EF3F5 /* MoviePlayer.app */,
			);
			name = Products;
			sourceTree = "<group>";
		};
		E1AC02EF242D1DFA006EF3F5 /* MoviePlayer */ = {
			isa = PBXGroup;
			children = (
				E1A77599242E3A6F0068D840 /* Resources */,
				E1A77596242E28E70068D840 /* Libs */,
				E1A77588242E07AA0068D840 /* Supporting Files */,
				E1AC0354242D1F87006EF3F5 /* CustomViews */,
				E1AC0307242D1EA9006EF3F5 /* Model */,
				E1AC0306242D1EA3006EF3F5 /* Views */,
				E1AC0305242D1E9A006EF3F5 /* Helpers */,
				E1AC0304242D1E99006EF3F5 /* Extensions */,
				E1AC02F0242D1DFA006EF3F5 /* AppDelegate.swift */,
				E1AC0362242D246C006EF3F5 /* Main.storyboard */,
				E1AC0361242D246C006EF3F5 /* ViewController.swift */,
				E1AC02F9242D1DFD006EF3F5 /* Assets.xcassets */,
				E1AC02FB242D1DFD006EF3F5 /* LaunchScreen.storyboard */,
				E1AC02FE242D1DFD006EF3F5 /* Info.plist */,
			);
			path = MoviePlayer;
			sourceTree = "<group>";
		};
		E1AC0304242D1E99006EF3F5 /* Extensions */ = {
			isa = PBXGroup;
			children = (
				E1AC0310242D1EE6006EF3F5 /* Foundation */,
				E1AC0308242D1EE6006EF3F5 /* IBDesignable */,
				E1AC030C242D1EE6006EF3F5 /* String */,
				E1AC030E242D1EE6006EF3F5 /* UIImage */,
				E1AC0325242D1EE6006EF3F5 /* UIView */,
				E1AC0328242D1EE6006EF3F5 /* UIViewController */,
			);
			path = Extensions;
			sourceTree = "<group>";
		};
		E1AC0305242D1E9A006EF3F5 /* Helpers */ = {
			isa = PBXGroup;
			children = (
				E1AC034A242D1EFC006EF3F5 /* AlertMessage.swift */,
				E1AC034C242D1EFC006EF3F5 /* AppConstants.swift */,
				E1AC0347242D1EFC006EF3F5 /* Device.swift */,
				E1AC0349242D1EFC006EF3F5 /* Helper.swift */,
				E1AC0348242D1EFC006EF3F5 /* LocalData.swift */,
				E1AC034B242D1EFC006EF3F5 /* Style.swift */,
				E134416C242F7A7100C98EE2 /* Ultilities.swift */,
			);
			path = Helpers;
			sourceTree = "<group>";
		};
		E1AC0306242D1EA3006EF3F5 /* Views */ = {
			isa = PBXGroup;
			children = (
				E1344165242F75B800C98EE2 /* FullScreenPlayerViewController */,
				E1A7758B242E0A0B0068D840 /* Cells */,
				E1A77583242E05890068D840 /* VideoListViewController */,
				E1A77580242DE1420068D840 /* BaseViewController */,
				E1AC0358242D2118006EF3F5 /* DetailVideoViewController */,
			);
			path = Views;
			sourceTree = "<group>";
		};
		E1AC0307242D1EA9006EF3F5 /* Model */ = {
			isa = PBXGroup;
			children = (
				E1A77592242E0B8A0068D840 /* Video.swift */,
				E1A77594242E10710068D840 /* CustomError.swift */,
			);
			path = Model;
			sourceTree = "<group>";
		};
		E1AC0308242D1EE6006EF3F5 /* IBDesignable */ = {
			isa = PBXGroup;
			children = (
				E1AC0309242D1EE6006EF3F5 /* IB_UITextField.swift */,
				E1AC030A242D1EE6006EF3F5 /* IB_UIButton.swift */,
				E1AC030B242D1EE6006EF3F5 /* IB_UIView.swift */,
			);
			path = IBDesignable;
			sourceTree = "<group>";
		};
		E1AC030C242D1EE6006EF3F5 /* String */ = {
			isa = PBXGroup;
			children = (
				E1AC030D242D1EE6006EF3F5 /* ExtensionString.swift */,
			);
			path = String;
			sourceTree = "<group>";
		};
		E1AC030E242D1EE6006EF3F5 /* UIImage */ = {
			isa = PBXGroup;
			children = (
				E1AC030F242D1EE6006EF3F5 /* EUIImage.swift */,
			);
			path = UIImage;
			sourceTree = "<group>";
		};
		E1AC0310242D1EE6006EF3F5 /* Foundation */ = {
			isa = PBXGroup;
			children = (
				E1AC0311242D1EE6006EF3F5 /* EX_UIPanGesture.swift */,
				E1AC0312242D1EE6006EF3F5 /* EX_URL.swift */,
				E1AC0313242D1EE6006EF3F5 /* EX_FloatingPoint.swift */,
				E1AC0314242D1EE6006EF3F5 /* EX_UserDeafults.swift */,
				E1AC0315242D1EE6006EF3F5 /* EX_Array.swift */,
				E1AC0316242D1EE6006EF3F5 /* EX_CGFloat.swift */,
				E1AC0317242D1EE6006EF3F5 /* EX_UINavigationBar.swift */,
				E1AC0318242D1EE6006EF3F5 /* EX_String.swift */,
				E1AC0319242D1EE6006EF3F5 /* EX_UIApplication.swift */,
				E1AC031A242D1EE6006EF3F5 /* EX_GestureRecognizer.swift */,
				E1AC031B242D1EE6006EF3F5 /* EX_CALayer.swift */,
				E1AC031C242D1EE6006EF3F5 /* EX_Optional.swift */,
				E1AC031D242D1EE6006EF3F5 /* EX_NSNumber.swift */,
				E1AC031E242D1EE6006EF3F5 /* EX_UIColor.swift */,
				E1AC031F242D1EE6006EF3F5 /* EX_MediaPlayer.swift */,
				E1AC0320242D1EE6006EF3F5 /* EX_Date.swift */,
				E1AC0321242D1EE6006EF3F5 /* EX_NSLayoutConstraint.swift */,
				E1AC0322242D1EE6006EF3F5 /* EX_UITableView.swift */,
				E1AC0323242D1EE6006EF3F5 /* EX_Data.swift */,
				E1AC0324242D1EE6006EF3F5 /* EX_UIView.swift */,
			);
			path = Foundation;
			sourceTree = "<group>";
		};
		E1AC0325242D1EE6006EF3F5 /* UIView */ = {
			isa = PBXGroup;
			children = (
				E1AC0326242D1EE6006EF3F5 /* EUIView.swift */,
				E1AC0327242D1EE6006EF3F5 /* EUIScrollView.swift */,
				E1AC0365242D28C8006EF3F5 /* UIView+GestureRecognizer.swift */,
			);
			path = UIView;
			sourceTree = "<group>";
		};
		E1AC0328242D1EE6006EF3F5 /* UIViewController */ = {
			isa = PBXGroup;
			children = (
				E1AC0329242D1EE6006EF3F5 /* EUIViewController.swift */,
			);
			path = UIViewController;
			sourceTree = "<group>";
		};
		E1AC0354242D1F87006EF3F5 /* CustomViews */ = {
			isa = PBXGroup;
			children = (
				E134416E242F7C5300C98EE2 /* FullScreenPlayerView */,
				E1A7757B242DDD040068D840 /* VideoPlayerView */,
				E1A77576242DC6EF0068D840 /* PlayerControlView */,
				E1AC0355242D1F8C006EF3F5 /* PlayerView */,
			);
			path = CustomViews;
			sourceTree = "<group>";
		};
		E1AC0355242D1F8C006EF3F5 /* PlayerView */ = {
			isa = PBXGroup;
			children = (
				E1AC0356242D1FAF006EF3F5 /* PlayerView.swift */,
			);
			path = PlayerView;
			sourceTree = "<group>";
		};
		E1AC0358242D2118006EF3F5 /* DetailVideoViewController */ = {
			isa = PBXGroup;
			children = (
				E1AC035B242D213B006EF3F5 /* DetailVideoViewController.swift */,
				E1AC035C242D213B006EF3F5 /* DetailVideoViewController.xib */,
			);
			path = DetailVideoViewController;
			sourceTree = "<group>";
		};
		E2C9C7332C1C6E27BBCF424C /* Pods */ = {
			isa = PBXGroup;
			children = (
				503E8A8D0764A769289E415E /* Pods-MoviePlayer.debug.xcconfig */,
				793806793023B0442148D6BE /* Pods-MoviePlayer.release.xcconfig */,
			);
			path = Pods;
			sourceTree = "<group>";
		};
/* End PBXGroup section */

/* Begin PBXNativeTarget section */
		E1AC02EC242D1DFA006EF3F5 /* MoviePlayer */ = {
			isa = PBXNativeTarget;
			buildConfigurationList = E1AC0301242D1DFD006EF3F5 /* Build configuration list for PBXNativeTarget "MoviePlayer" */;
			buildPhases = (
				8B67BB57797D6C2910A04BEA /* [CP] Check Pods Manifest.lock */,
				E1AC02E9242D1DFA006EF3F5 /* Sources */,
				E1AC02EA242D1DFA006EF3F5 /* Frameworks */,
				E1AC02EB242D1DFA006EF3F5 /* Resources */,
				64C9103DF9D171B104F25FB6 /* [CP] Embed Pods Frameworks */,
			);
			buildRules = (
			);
			dependencies = (
			);
			name = MoviePlayer;
			productName = MoviePlayer;
			productReference = E1AC02ED242D1DFA006EF3F5 /* MoviePlayer.app */;
			productType = "com.apple.product-type.application";
		};
/* End PBXNativeTarget section */

/* Begin PBXProject section */
		E1AC02E5242D1DFA006EF3F5 /* Project object */ = {
			isa = PBXProject;
			attributes = {
				LastSwiftUpdateCheck = 1130;
				LastUpgradeCheck = 1130;
				ORGANIZATIONNAME = "Nguyên Duy";
				TargetAttributes = {
					E1AC02EC242D1DFA006EF3F5 = {
						CreatedOnToolsVersion = 11.3.1;
					};
				};
			};
			buildConfigurationList = E1AC02E8242D1DFA006EF3F5 /* Build configuration list for PBXProject "MoviePlayer" */;
			compatibilityVersion = "Xcode 9.3";
			developmentRegion = en;
			hasScannedForEncodings = 0;
			knownRegions = (
				en,
				Base,
			);
			mainGroup = E1AC02E4242D1DFA006EF3F5;
			productRefGroup = E1AC02EE242D1DFA006EF3F5 /* Products */;
			projectDirPath = "";
			projectRoot = "";
			targets = (
				E1AC02EC242D1DFA006EF3F5 /* MoviePlayer */,
			);
		};
/* End PBXProject section */

/* Begin PBXResourcesBuildPhase section */
		E1AC02EB242D1DFA006EF3F5 /* Resources */ = {
			isa = PBXResourcesBuildPhase;
			buildActionMask = 2147483647;
			files = (
				E1A775EB242E3A780068D840 /* SF-Pro-Text-Regular.otf in Resources */,
				E1A7760A242E3A780068D840 /* SFProText-MediumItalic.ttf in Resources */,
				E1A775E5242E3A780068D840 /* SF-Pro-Text-MediumItalic.otf in Resources */,
				E1A775E3242E3A780068D840 /* SF-Pro-Display-Light.otf in Resources */,
				E1A7760E242E3A780068D840 /* SFProText-HeavyItalic.ttf in Resources */,
				E1A77604242E3A780068D840 /* SFProText-SemiBold.ttf in Resources */,
				E1A7760C242E3A780068D840 /* SFProText-Light.ttf in Resources */,
				E1A775F8242E3A780068D840 /* SF-Pro-Display-ThinItalic.otf in Resources */,
				E1A7761A242E3A780068D840 /* SFProDisplay-SemiBold.ttf in Resources */,
				E1A775DF242E3A780068D840 /* SF-Pro-Display-Thin.otf in Resources */,
				E1A7760F242E3A780068D840 /* SFProDisplay-Light.ttf in Resources */,
				E1A775ED242E3A780068D840 /* SF-Pro-Display-MediumItalic.otf in Resources */,
				E1A77617242E3A780068D840 /* SFProText-SemiboldItalic-1.ttf in Resources */,
				E1A775EC242E3A780068D840 /* SF-Pro-Text-Bold.otf in Resources */,
				E1A775F1242E3A780068D840 /* SF-Pro-Display-LightItalic.otf in Resources */,
				E1A775EA242E3A780068D840 /* SF-Pro-Display-Semibold.otf in Resources */,
				E1A775E8242E3A780068D840 /* SF-Pro-Display-Heavy.otf in Resources */,
				E1A77612242E3A780068D840 /* SFProText-Semibold-1.ttf in Resources */,
				E1A775F9242E3A780068D840 /* SF-Pro-Text-LightItalic.otf in Resources */,
				E1A77591242E0A3F0068D840 /* VideoListTableViewCell.xib in Resources */,
				E1A7758A242E085F0068D840 /* videos.json in Resources */,
				E1A77608242E3A780068D840 /* SFProDisplay-Black.ttf in Resources */,
				E1A775E2242E3A780068D840 /* SF-Pro-Display-RegularItalic.otf in Resources */,
				E1A775FB242E3A780068D840 /* SF-Pro-Display-BoldItalic.otf in Resources */,
				E1A775E7242E3A780068D840 /* SF-Pro-Display-Medium.otf in Resources */,
				E1A77587242E05A80068D840 /* VideoListViewController.xib in Resources */,
				E1A775FE242E3A780068D840 /* SFProText-Heavy.ttf in Resources */,
				E1A775FA242E3A780068D840 /* SF-Pro-Text-Medium.otf in Resources */,
				E1AC02FD242D1DFD006EF3F5 /* LaunchScreen.storyboard in Resources */,
				E1A775EE242E3A780068D840 /* SF-Pro-Display-HeavyItalic.otf in Resources */,
				E1A7757F242DDD360068D840 /* VideoPlayerView.xib in Resources */,
				E1A77615242E3A780068D840 /* SFProDisplay-MediumItalic.ttf in Resources */,
				E1A775F3242E3A780068D840 /* SF-Pro-Display-Black.otf in Resources */,
				E1A775F5242E3A780068D840 /* SF-Pro-Text-RegularItalic.otf in Resources */,
				E1A77616242E3A780068D840 /* SFProDisplay-Bold.ttf in Resources */,
				E1A7757A242DC8070068D840 /* PlayerControlView.xib in Resources */,
				E1A775E1242E3A780068D840 /* SF-Pro-Text-Heavy.otf in Resources */,
				E1A775E0242E3A780068D840 /* SF-Pro-Display-SemiboldItalic.otf in Resources */,
				E1A775E9242E3A780068D840 /* SF-Pro-Text-Light.otf in Resources */,
				E1AC035E242D213B006EF3F5 /* DetailVideoViewController.xib in Resources */,
				E1A775FC242E3A780068D840 /* SF-Pro-Text-SemiboldItalic.otf in Resources */,
				E1A77611242E3A780068D840 /* SFProDisplay-BlackItalic.ttf in Resources */,
				E1A7761C242E3A780068D840 /* SFProDisplay-LightItalic.ttf in Resources */,
				E1A77605242E3A780068D840 /* SFProText-Regular.ttf in Resources */,
				E1A7761F242E3A780068D840 /* SFPro_Font_License.rtf in Resources */,
				E1A775FD242E3A780068D840 /* SFProText-Medium.ttf in Resources */,
				E1A775F4242E3A780068D840 /* SF-Pro-Text-BoldItalic.otf in Resources */,
				E134416B242F75E200C98EE2 /* FullScreenPlayerViewController.xib in Resources */,
				E1A77619242E3A780068D840 /* SFProDisplay-HeavyItalic.ttf in Resources */,
				E1A775F0242E3A780068D840 /* SF-Pro-Display-UltralightItalic.otf in Resources */,
				E1AC02FA242D1DFD006EF3F5 /* Assets.xcassets in Resources */,
				E1A775E6242E3A780068D840 /* SF-Pro-Display-Bold.otf in Resources */,
				E1A77614242E3A780068D840 /* SFProText-SemiBoldItalic.ttf in Resources */,
				E1A77603242E3A780068D840 /* SFProText-RegularItalic.ttf in Resources */,
				E1A77606242E3A780068D840 /* SFProDisplay-BoldItalic.ttf in Resources */,
				E1A775E4242E3A780068D840 /* SF-Pro-Display-Regular.otf in Resources */,
				E1A775FF242E3A780068D840 /* SFProDisplay-Ultralight-1.ttf in Resources */,
				E1A775F2242E3A780068D840 /* SF-Pro-Display-BlackItalic.otf in Resources */,
				E1A77602242E3A780068D840 /* SFProDisplay-SemiboldItalic.ttf in Resources */,
				E1A775F6242E3A780068D840 /* SF-Pro-Text-Semibold.otf in Resources */,
				E1344172242F7C8000C98EE2 /* FullScreenPlayerView.xib in Resources */,
				E1A77601242E3A780068D840 /* SFProDisplay-RegularItalic.ttf in Resources */,
				E1A7760B242E3A780068D840 /* SFProText-LightItalic.ttf in Resources */,
				E1AC0364242D246C006EF3F5 /* Main.storyboard in Resources */,
				E1A7761B242E3A780068D840 /* SFProDisplay-Heavy.ttf in Resources */,
				E1A77600242E3A780068D840 /* SFProDisplay-UltraLight.ttf in Resources */,
				E1A77610242E3A780068D840 /* SFProDisplay-Regular.ttf in Resources */,
				E1A7761D242E3A780068D840 /* SFProDisplay-UltralightItalic.ttf in Resources */,
				E1A775EF242E3A780068D840 /* SF-Pro-Display-Ultralight.otf in Resources */,
				E1A775F7242E3A780068D840 /* SF-Pro-Text-HeavyItalic.otf in Resources */,
				E1A7760D242E3A780068D840 /* SFProDisplay-ThinItalic.ttf in Resources */,
				E1A7761E242E3A780068D840 /* SFProDisplay-Thin.ttf in Resources */,
				E1A77618242E3A780068D840 /* SFProText-Bold.ttf in Resources */,
				E1A77613242E3A780068D840 /* SFProDisplay-Semibold-1.ttf in Resources */,
				E1A77607242E3A780068D840 /* SFProDisplay-Medium.ttf in Resources */,
				E1A77609242E3A780068D840 /* SFProText-BoldItalic.ttf in Resources */,
			);
			runOnlyForDeploymentPostprocessing = 0;
		};
/* End PBXResourcesBuildPhase section */

/* Begin PBXShellScriptBuildPhase section */
		64C9103DF9D171B104F25FB6 /* [CP] Embed Pods Frameworks */ = {
			isa = PBXShellScriptBuildPhase;
			buildActionMask = 2147483647;
			files = (
			);
			inputFileListPaths = (
				"${PODS_ROOT}/Target Support Files/Pods-MoviePlayer/Pods-MoviePlayer-frameworks-${CONFIGURATION}-input-files.xcfilelist",
			);
			name = "[CP] Embed Pods Frameworks";
			outputFileListPaths = (
				"${PODS_ROOT}/Target Support Files/Pods-MoviePlayer/Pods-MoviePlayer-frameworks-${CONFIGURATION}-output-files.xcfilelist",
			);
			runOnlyForDeploymentPostprocessing = 0;
			shellPath = /bin/sh;
			shellScript = "\"${PODS_ROOT}/Target Support Files/Pods-MoviePlayer/Pods-MoviePlayer-frameworks.sh\"\n";
			showEnvVarsInLog = 0;
		};
		8B67BB57797D6C2910A04BEA /* [CP] Check Pods Manifest.lock */ = {
			isa = PBXShellScriptBuildPhase;
			buildActionMask = 2147483647;
			files = (
			);
			inputFileListPaths = (
			);
			inputPaths = (
				"${PODS_PODFILE_DIR_PATH}/Podfile.lock",
				"${PODS_ROOT}/Manifest.lock",
			);
			name = "[CP] Check Pods Manifest.lock";
			outputFileListPaths = (
			);
			outputPaths = (
				"$(DERIVED_FILE_DIR)/Pods-MoviePlayer-checkManifestLockResult.txt",
			);
			runOnlyForDeploymentPostprocessing = 0;
			shellPath = /bin/sh;
			shellScript = "diff \"${PODS_PODFILE_DIR_PATH}/Podfile.lock\" \"${PODS_ROOT}/Manifest.lock\" > /dev/null\nif [ $? != 0 ] ; then\n    # print error to STDERR\n    echo \"error: The sandbox is not in sync with the Podfile.lock. Run 'pod install' or update your CocoaPods installation.\" >&2\n    exit 1\nfi\n# This output is used by Xcode 'outputs' to avoid re-running this script phase.\necho \"SUCCESS\" > \"${SCRIPT_OUTPUT_FILE_0}\"\n";
			showEnvVarsInLog = 0;
		};
/* End PBXShellScriptBuildPhase section */

/* Begin PBXSourcesBuildPhase section */
		E1AC02E9242D1DFA006EF3F5 /* Sources */ = {
			isa = PBXSourcesBuildPhase;
			buildActionMask = 2147483647;
			files = (
				E1AC034E242D1EFC006EF3F5 /* Device.swift in Sources */,
				E1AC0339242D1EE6006EF3F5 /* EX_CALayer.swift in Sources */,
				E1AC032A242D1EE6006EF3F5 /* IB_UITextField.swift in Sources */,
				E134416D242F7A7100C98EE2 /* Ultilities.swift in Sources */,
				E1AC0334242D1EE6006EF3F5 /* EX_CGFloat.swift in Sources */,
				E1A77593242E0B8A0068D840 /* Video.swift in Sources */,
				E1AC0330242D1EE6006EF3F5 /* EX_URL.swift in Sources */,
				E1A77582242DE1550068D840 /* BaseViewController.swift in Sources */,
				E1AC0332242D1EE6006EF3F5 /* EX_UserDeafults.swift in Sources */,
				E1AC0333242D1EE6006EF3F5 /* EX_Array.swift in Sources */,
				E1AC0344242D1EE6006EF3F5 /* EUIScrollView.swift in Sources */,
				E1AC0341242D1EE6006EF3F5 /* EX_Data.swift in Sources */,
				E1AC0351242D1EFD006EF3F5 /* AlertMessage.swift in Sources */,
				E1AC0338242D1EE6006EF3F5 /* EX_GestureRecognizer.swift in Sources */,
				E1A77578242DC7FD0068D840 /* PlayerControlView.swift in Sources */,
				E1AC0343242D1EE6006EF3F5 /* EUIView.swift in Sources */,
				E1AC032F242D1EE6006EF3F5 /* EX_UIPanGesture.swift in Sources */,
				E134416A242F75E200C98EE2 /* FullScreenPlayerViewController.swift in Sources */,
				E1AC035D242D213B006EF3F5 /* DetailVideoViewController.swift in Sources */,
				E1AC02F1242D1DFA006EF3F5 /* AppDelegate.swift in Sources */,
				E1A77586242E05A80068D840 /* VideoListViewController.swift in Sources */,
				E1AC033E242D1EE6006EF3F5 /* EX_Date.swift in Sources */,
				E1AC034F242D1EFC006EF3F5 /* LocalData.swift in Sources */,
				E1AC0340242D1EE6006EF3F5 /* EX_UITableView.swift in Sources */,
				E1AC0353242D1EFD006EF3F5 /* AppConstants.swift in Sources */,
				E1A77595242E10710068D840 /* CustomError.swift in Sources */,
				E1344170242F7C7700C98EE2 /* FullScreenPlayerView.swift in Sources */,
				E1AC0352242D1EFD006EF3F5 /* Style.swift in Sources */,
				E1AC0363242D246C006EF3F5 /* ViewController.swift in Sources */,
				E1AC032B242D1EE6006EF3F5 /* IB_UIButton.swift in Sources */,
				E1AC032D242D1EE6006EF3F5 /* ExtensionString.swift in Sources */,
				E1AC0337242D1EE6006EF3F5 /* EX_UIApplication.swift in Sources */,
				E1AC033A242D1EE6006EF3F5 /* EX_Optional.swift in Sources */,
				E1AC0350242D1EFD006EF3F5 /* Helper.swift in Sources */,
				E1AC033D242D1EE6006EF3F5 /* EX_MediaPlayer.swift in Sources */,
				E1AC033B242D1EE6006EF3F5 /* EX_NSNumber.swift in Sources */,
				E1AC0331242D1EE6006EF3F5 /* EX_FloatingPoint.swift in Sources */,
				E1AC0345242D1EE6006EF3F5 /* EUIViewController.swift in Sources */,
				E1AC032C242D1EE6006EF3F5 /* IB_UIView.swift in Sources */,
				E1AC033C242D1EE6006EF3F5 /* EX_UIColor.swift in Sources */,
				E1AC0357242D1FAF006EF3F5 /* PlayerView.swift in Sources */,
				E1AC0366242D28C8006EF3F5 /* UIView+GestureRecognizer.swift in Sources */,
				E1A7757D242DDD2C0068D840 /* VideoPlayerView.swift in Sources */,
				E1AC0336242D1EE6006EF3F5 /* EX_String.swift in Sources */,
				E1AC032E242D1EE6006EF3F5 /* EUIImage.swift in Sources */,
				E1AC0335242D1EE6006EF3F5 /* EX_UINavigationBar.swift in Sources */,
				E1A77590242E0A3F0068D840 /* VideoListTableViewCell.swift in Sources */,
				E1AC033F242D1EE6006EF3F5 /* EX_NSLayoutConstraint.swift in Sources */,
				E1AC0342242D1EE6006EF3F5 /* EX_UIView.swift in Sources */,
			);
			runOnlyForDeploymentPostprocessing = 0;
		};
/* End PBXSourcesBuildPhase section */

/* Begin PBXVariantGroup section */
		E1AC02FB242D1DFD006EF3F5 /* LaunchScreen.storyboard */ = {
			isa = PBXVariantGroup;
			children = (
				E1AC02FC242D1DFD006EF3F5 /* Base */,
			);
			name = LaunchScreen.storyboard;
			sourceTree = "<group>";
		};
/* End PBXVariantGroup section */

/* Begin XCBuildConfiguration section */
		E1AC02FF242D1DFD006EF3F5 /* Debug */ = {
			isa = XCBuildConfiguration;
			buildSettings = {
				ALWAYS_SEARCH_USER_PATHS = NO;
				CLANG_ANALYZER_NONNULL = YES;
				CLANG_ANALYZER_NUMBER_OBJECT_CONVERSION = YES_AGGRESSIVE;
				CLANG_CXX_LANGUAGE_STANDARD = "gnu++14";
				CLANG_CXX_LIBRARY = "libc++";
				CLANG_ENABLE_MODULES = YES;
				CLANG_ENABLE_OBJC_ARC = YES;
				CLANG_ENABLE_OBJC_WEAK = YES;
				CLANG_WARN_BLOCK_CAPTURE_AUTORELEASING = YES;
				CLANG_WARN_BOOL_CONVERSION = YES;
				CLANG_WARN_COMMA = YES;
				CLANG_WARN_CONSTANT_CONVERSION = YES;
				CLANG_WARN_DEPRECATED_OBJC_IMPLEMENTATIONS = YES;
				CLANG_WARN_DIRECT_OBJC_ISA_USAGE = YES_ERROR;
				CLANG_WARN_DOCUMENTATION_COMMENTS = YES;
				CLANG_WARN_EMPTY_BODY = YES;
				CLANG_WARN_ENUM_CONVERSION = YES;
				CLANG_WARN_INFINITE_RECURSION = YES;
				CLANG_WARN_INT_CONVERSION = YES;
				CLANG_WARN_NON_LITERAL_NULL_CONVERSION = YES;
				CLANG_WARN_OBJC_IMPLICIT_RETAIN_SELF = YES;
				CLANG_WARN_OBJC_LITERAL_CONVERSION = YES;
				CLANG_WARN_OBJC_ROOT_CLASS = YES_ERROR;
				CLANG_WARN_RANGE_LOOP_ANALYSIS = YES;
				CLANG_WARN_STRICT_PROTOTYPES = YES;
				CLANG_WARN_SUSPICIOUS_MOVE = YES;
				CLANG_WARN_UNGUARDED_AVAILABILITY = YES_AGGRESSIVE;
				CLANG_WARN_UNREACHABLE_CODE = YES;
				CLANG_WARN__DUPLICATE_METHOD_MATCH = YES;
				COPY_PHASE_STRIP = NO;
				DEBUG_INFORMATION_FORMAT = dwarf;
				ENABLE_STRICT_OBJC_MSGSEND = YES;
				ENABLE_TESTABILITY = YES;
				GCC_C_LANGUAGE_STANDARD = gnu11;
				GCC_DYNAMIC_NO_PIC = NO;
				GCC_NO_COMMON_BLOCKS = YES;
				GCC_OPTIMIZATION_LEVEL = 0;
				GCC_PREPROCESSOR_DEFINITIONS = (
					"DEBUG=1",
					"$(inherited)",
				);
				GCC_WARN_64_TO_32_BIT_CONVERSION = YES;
				GCC_WARN_ABOUT_RETURN_TYPE = YES_ERROR;
				GCC_WARN_UNDECLARED_SELECTOR = YES;
				GCC_WARN_UNINITIALIZED_AUTOS = YES_AGGRESSIVE;
				GCC_WARN_UNUSED_FUNCTION = YES;
				GCC_WARN_UNUSED_VARIABLE = YES;
				IPHONEOS_DEPLOYMENT_TARGET = 13.2;
				MTL_ENABLE_DEBUG_INFO = INCLUDE_SOURCE;
				MTL_FAST_MATH = YES;
				ONLY_ACTIVE_ARCH = YES;
				SDKROOT = iphoneos;
				SWIFT_ACTIVE_COMPILATION_CONDITIONS = DEBUG;
				SWIFT_OPTIMIZATION_LEVEL = "-Onone";
			};
			name = Debug;
		};
		E1AC0300242D1DFD006EF3F5 /* Release */ = {
			isa = XCBuildConfiguration;
			buildSettings = {
				ALWAYS_SEARCH_USER_PATHS = NO;
				CLANG_ANALYZER_NONNULL = YES;
				CLANG_ANALYZER_NUMBER_OBJECT_CONVERSION = YES_AGGRESSIVE;
				CLANG_CXX_LANGUAGE_STANDARD = "gnu++14";
				CLANG_CXX_LIBRARY = "libc++";
				CLANG_ENABLE_MODULES = YES;
				CLANG_ENABLE_OBJC_ARC = YES;
				CLANG_ENABLE_OBJC_WEAK = YES;
				CLANG_WARN_BLOCK_CAPTURE_AUTORELEASING = YES;
				CLANG_WARN_BOOL_CONVERSION = YES;
				CLANG_WARN_COMMA = YES;
				CLANG_WARN_CONSTANT_CONVERSION = YES;
				CLANG_WARN_DEPRECATED_OBJC_IMPLEMENTATIONS = YES;
				CLANG_WARN_DIRECT_OBJC_ISA_USAGE = YES_ERROR;
				CLANG_WARN_DOCUMENTATION_COMMENTS = YES;
				CLANG_WARN_EMPTY_BODY = YES;
				CLANG_WARN_ENUM_CONVERSION = YES;
				CLANG_WARN_INFINITE_RECURSION = YES;
				CLANG_WARN_INT_CONVERSION = YES;
				CLANG_WARN_NON_LITERAL_NULL_CONVERSION = YES;
				CLANG_WARN_OBJC_IMPLICIT_RETAIN_SELF = YES;
				CLANG_WARN_OBJC_LITERAL_CONVERSION = YES;
				CLANG_WARN_OBJC_ROOT_CLASS = YES_ERROR;
				CLANG_WARN_RANGE_LOOP_ANALYSIS = YES;
				CLANG_WARN_STRICT_PROTOTYPES = YES;
				CLANG_WARN_SUSPICIOUS_MOVE = YES;
				CLANG_WARN_UNGUARDED_AVAILABILITY = YES_AGGRESSIVE;
				CLANG_WARN_UNREACHABLE_CODE = YES;
				CLANG_WARN__DUPLICATE_METHOD_MATCH = YES;
				COPY_PHASE_STRIP = NO;
				DEBUG_INFORMATION_FORMAT = "dwarf-with-dsym";
				ENABLE_NS_ASSERTIONS = NO;
				ENABLE_STRICT_OBJC_MSGSEND = YES;
				GCC_C_LANGUAGE_STANDARD = gnu11;
				GCC_NO_COMMON_BLOCKS = YES;
				GCC_WARN_64_TO_32_BIT_CONVERSION = YES;
				GCC_WARN_ABOUT_RETURN_TYPE = YES_ERROR;
				GCC_WARN_UNDECLARED_SELECTOR = YES;
				GCC_WARN_UNINITIALIZED_AUTOS = YES_AGGRESSIVE;
				GCC_WARN_UNUSED_FUNCTION = YES;
				GCC_WARN_UNUSED_VARIABLE = YES;
				IPHONEOS_DEPLOYMENT_TARGET = 13.2;
				MTL_ENABLE_DEBUG_INFO = NO;
				MTL_FAST_MATH = YES;
				SDKROOT = iphoneos;
				SWIFT_COMPILATION_MODE = wholemodule;
				SWIFT_OPTIMIZATION_LEVEL = "-O";
				VALIDATE_PRODUCT = YES;
			};
			name = Release;
		};
		E1AC0302242D1DFD006EF3F5 /* Debug */ = {
			isa = XCBuildConfiguration;
			baseConfigurationReference = 503E8A8D0764A769289E415E /* Pods-MoviePlayer.debug.xcconfig */;
			buildSettings = {
				ASSETCATALOG_COMPILER_APPICON_NAME = AppIcon;
				CODE_SIGN_IDENTITY = "iPhone Developer";
				CODE_SIGN_STYLE = Manual;
				DEVELOPMENT_TEAM = 4KLF9TSX4R;
				INFOPLIST_FILE = MoviePlayer/Info.plist;
				LD_RUNPATH_SEARCH_PATHS = (
					"$(inherited)",
					"@executable_path/Frameworks",
				);
				PRODUCT_BUNDLE_IDENTIFIER = com.app.MoviePlayer;
				PRODUCT_NAME = "$(TARGET_NAME)";
				PROVISIONING_PROFILE_SPECIFIER = "iOS Development Wildcard";
				SWIFT_VERSION = 5.0;
				TARGETED_DEVICE_FAMILY = "1,2";
			};
			name = Debug;
		};
		E1AC0303242D1DFD006EF3F5 /* Release */ = {
			isa = XCBuildConfiguration;
			baseConfigurationReference = 793806793023B0442148D6BE /* Pods-MoviePlayer.release.xcconfig */;
			buildSettings = {
				ASSETCATALOG_COMPILER_APPICON_NAME = AppIcon;
				CODE_SIGN_IDENTITY = "iPhone Developer";
				CODE_SIGN_STYLE = Manual;
				DEVELOPMENT_TEAM = 4KLF9TSX4R;
				INFOPLIST_FILE = MoviePlayer/Info.plist;
				LD_RUNPATH_SEARCH_PATHS = (
					"$(inherited)",
					"@executable_path/Frameworks",
				);
				PRODUCT_BUNDLE_IDENTIFIER = com.app.MoviePlayer;
				PRODUCT_NAME = "$(TARGET_NAME)";
				PROVISIONING_PROFILE_SPECIFIER = "iOS Development Wildcard";
				SWIFT_VERSION = 5.0;
				TARGETED_DEVICE_FAMILY = "1,2";
			};
			name = Release;
		};
/* End XCBuildConfiguration section */

/* Begin XCConfigurationList section */
		E1AC02E8242D1DFA006EF3F5 /* Build configuration list for PBXProject "MoviePlayer" */ = {
			isa = XCConfigurationList;
			buildConfigurations = (
				E1AC02FF242D1DFD006EF3F5 /* Debug */,
				E1AC0300242D1DFD006EF3F5 /* Release */,
			);
			defaultConfigurationIsVisible = 0;
			defaultConfigurationName = Release;
		};
		E1AC0301242D1DFD006EF3F5 /* Build configuration list for PBXNativeTarget "MoviePlayer" */ = {
			isa = XCConfigurationList;
			buildConfigurations = (
				E1AC0302242D1DFD006EF3F5 /* Debug */,
				E1AC0303242D1DFD006EF3F5 /* Release */,
			);
			defaultConfigurationIsVisible = 0;
			defaultConfigurationName = Release;
		};
/* End XCConfigurationList section */
	};
	rootObject = E1AC02E5242D1DFA006EF3F5 /* Project object */;
}
